// !$*UTF8*$!
{
	archiveVersion = 1;
	classes = {
	};
	objectVersion = 46;
	objects = {

/* Begin PBXBuildFile section */
		847C5EFF1B395B0D00706638 /* LoginViewController.m in Sources */ = {isa = PBXBuildFile; fileRef = 847C5EFE1B395B0D00706638 /* LoginViewController.m */; };
		847C5F021B395CE600706638 /* JuPlusTextField.m in Sources */ = {isa = PBXBuildFile; fileRef = 847C5F011B395CE600706638 /* JuPlusTextField.m */; };
		84D4D4021B3A862500674601 /* Version1 in Resources */ = {isa = PBXBuildFile; fileRef = 84D4D4011B3A862500674601 /* Version1 */; };
		84D4D4041B3A8A0500674601 /* Default@2x.png in Resources */ = {isa = PBXBuildFile; fileRef = 84D4D4031B3A8A0500674601 /* Default@2x.png */; };
		84D4D41F1B3A8E3400674601 /* ServerException.m in Sources */ = {isa = PBXBuildFile; fileRef = 84D4D4161B3A8E3400674601 /* ServerException.m */; settings = {COMPILER_FLAGS = "-fno-objc-arc"; }; };
		84D4D4201B3A8E3400674601 /* NetException.m in Sources */ = {isa = PBXBuildFile; fileRef = 84D4D4181B3A8E3400674601 /* NetException.m */; settings = {COMPILER_FLAGS = "-fno-objc-arc"; }; };
		84D4D4211B3A8E3400674601 /* UnPackException.m in Sources */ = {isa = PBXBuildFile; fileRef = 84D4D41A1B3A8E3400674601 /* UnPackException.m */; settings = {COMPILER_FLAGS = "-fno-objc-arc"; }; };
		84D4D4221B3A8E3400674601 /* PackException.m in Sources */ = {isa = PBXBuildFile; fileRef = 84D4D41C1B3A8E3400674601 /* PackException.m */; settings = {COMPILER_FLAGS = "-fno-objc-arc"; }; };
		84D4D4231B3A8E3400674601 /* TimeoutException.m in Sources */ = {isa = PBXBuildFile; fileRef = 84D4D41E1B3A8E3400674601 /* TimeoutException.m */; settings = {COMPILER_FLAGS = "-fno-objc-arc"; }; };
		84D4D4251B3A90A000674601 /* Default-568h@2x.png in Resources */ = {isa = PBXBuildFile; fileRef = 84D4D4241B3A90A000674601 /* Default-568h@2x.png */; };
		84D4D43B1B3A9FCA00674601 /* JuPlusRequest.m in Sources */ = {isa = PBXBuildFile; fileRef = 84D4D43A1B3A9FCA00674601 /* JuPlusRequest.m */; };
		84D4D43E1B3AAE2000674601 /* ClassifyLabelsRequest.m in Sources */ = {isa = PBXBuildFile; fileRef = 84D4D43D1B3AAE2000674601 /* ClassifyLabelsRequest.m */; };
		9C0017441B3D247D0018A9BF /* SingleDetialViewController.m in Sources */ = {isa = PBXBuildFile; fileRef = 9C0017431B3D247D0018A9BF /* SingleDetialViewController.m */; };
		9C0017481B3D2B750018A9BF /* HomePageInfoDTO.m in Sources */ = {isa = PBXBuildFile; fileRef = 9C0017471B3D2B750018A9BF /* HomePageInfoDTO.m */; };
		9C00174B1B3D2C840018A9BF /* LabelDTO.m in Sources */ = {isa = PBXBuildFile; fileRef = 9C00174A1B3D2C840018A9BF /* LabelDTO.m */; };
		9C00174E1B3D2EAC0018A9BF /* BaseDTO.m in Sources */ = {isa = PBXBuildFile; fileRef = 9C00174D1B3D2EAC0018A9BF /* BaseDTO.m */; };
		9C0017511B3D32A00018A9BF /* PriceView.m in Sources */ = {isa = PBXBuildFile; fileRef = 9C0017501B3D32A00018A9BF /* PriceView.m */; };
		9C5863AF1B392F53008BB5AD /* PackageCell.m in Sources */ = {isa = PBXBuildFile; fileRef = 9C5863AE1B392F53008BB5AD /* PackageCell.m */; };
		9C5863B21B3931EA008BB5AD /* PortraitView.m in Sources */ = {isa = PBXBuildFile; fileRef = 9C5863B11B3931EA008BB5AD /* PortraitView.m */; };
		9C5863D61B3933C7008BB5AD /* MKAnnotationView+WebCache.m in Sources */ = {isa = PBXBuildFile; fileRef = 9C5863B61B3933C7008BB5AD /* MKAnnotationView+WebCache.m */; };
		9C5863D71B3933C7008BB5AD /* NSData+ImageContentType.m in Sources */ = {isa = PBXBuildFile; fileRef = 9C5863B81B3933C7008BB5AD /* NSData+ImageContentType.m */; };
		9C5863D81B3933C7008BB5AD /* SDImageCache.m in Sources */ = {isa = PBXBuildFile; fileRef = 9C5863BA1B3933C7008BB5AD /* SDImageCache.m */; };
		9C5863D91B3933C7008BB5AD /* SDWebImageCompat.m in Sources */ = {isa = PBXBuildFile; fileRef = 9C5863BC1B3933C7008BB5AD /* SDWebImageCompat.m */; };
		9C5863DA1B3933C7008BB5AD /* SDWebImageDecoder.m in Sources */ = {isa = PBXBuildFile; fileRef = 9C5863BE1B3933C7008BB5AD /* SDWebImageDecoder.m */; };
		9C5863DB1B3933C7008BB5AD /* SDWebImageDownloader.m in Sources */ = {isa = PBXBuildFile; fileRef = 9C5863C01B3933C7008BB5AD /* SDWebImageDownloader.m */; };
		9C5863DC1B3933C7008BB5AD /* SDWebImageDownloaderOperation.m in Sources */ = {isa = PBXBuildFile; fileRef = 9C5863C21B3933C7008BB5AD /* SDWebImageDownloaderOperation.m */; };
		9C5863DD1B3933C7008BB5AD /* SDWebImageManager.m in Sources */ = {isa = PBXBuildFile; fileRef = 9C5863C41B3933C7008BB5AD /* SDWebImageManager.m */; };
		9C5863DE1B3933C7008BB5AD /* SDWebImagePrefetcher.m in Sources */ = {isa = PBXBuildFile; fileRef = 9C5863C71B3933C7008BB5AD /* SDWebImagePrefetcher.m */; };
		9C5863DF1B3933C7008BB5AD /* UIButton+WebCache.m in Sources */ = {isa = PBXBuildFile; fileRef = 9C5863C91B3933C7008BB5AD /* UIButton+WebCache.m */; };
		9C5863E01B3933C7008BB5AD /* UIImage+GIF.m in Sources */ = {isa = PBXBuildFile; fileRef = 9C5863CB1B3933C7008BB5AD /* UIImage+GIF.m */; };
		9C5863E11B3933C7008BB5AD /* UIImage+MultiFormat.m in Sources */ = {isa = PBXBuildFile; fileRef = 9C5863CD1B3933C7008BB5AD /* UIImage+MultiFormat.m */; };
		9C5863E21B3933C7008BB5AD /* UIImage+WebP.m in Sources */ = {isa = PBXBuildFile; fileRef = 9C5863CF1B3933C7008BB5AD /* UIImage+WebP.m */; };
		9C5863E31B3933C7008BB5AD /* UIImageView+HighlightedWebCache.m in Sources */ = {isa = PBXBuildFile; fileRef = 9C5863D11B3933C7008BB5AD /* UIImageView+HighlightedWebCache.m */; };
		9C5863E41B3933C7008BB5AD /* UIImageView+WebCache.m in Sources */ = {isa = PBXBuildFile; fileRef = 9C5863D31B3933C7008BB5AD /* UIImageView+WebCache.m */; };
		9C5863E51B3933C7008BB5AD /* UIView+WebCacheOperation.m in Sources */ = {isa = PBXBuildFile; fileRef = 9C5863D51B3933C7008BB5AD /* UIView+WebCacheOperation.m */; };
		9C5863E81B393EB9008BB5AD /* MarkedLabelView.m in Sources */ = {isa = PBXBuildFile; fileRef = 9C5863E71B393EB9008BB5AD /* MarkedLabelView.m */; };
		9C5B24A31B2E7E4C0024C936 /* ScrollRefreshView.m in Sources */ = {isa = PBXBuildFile; fileRef = 9C5B249E1B2E7E4C0024C936 /* ScrollRefreshView.m */; settings = {COMPILER_FLAGS = "-fno-objc-arc"; }; };
		9C5B24A41B2E7E4C0024C936 /* ScrollRefreshViewFooter.m in Sources */ = {isa = PBXBuildFile; fileRef = 9C5B24A01B2E7E4C0024C936 /* ScrollRefreshViewFooter.m */; settings = {COMPILER_FLAGS = "-fno-objc-arc"; }; };
		9C5B24A51B2E7E4C0024C936 /* ScrollRefreshViewHead.m in Sources */ = {isa = PBXBuildFile; fileRef = 9C5B24A21B2E7E4C0024C936 /* ScrollRefreshViewHead.m */; settings = {COMPILER_FLAGS = "-fno-objc-arc"; }; };
		9C7C3F531B2958F100D8F29B /* main.m in Sources */ = {isa = PBXBuildFile; fileRef = 9C7C3F521B2958F100D8F29B /* main.m */; };
		9C7C3F5E1B2958F100D8F29B /* Images.xcassets in Resources */ = {isa = PBXBuildFile; fileRef = 9C7C3F5D1B2958F100D8F29B /* Images.xcassets */; };
		9C7C3F6D1B2958F100D8F29B /* JuPlusTests.m in Sources */ = {isa = PBXBuildFile; fileRef = 9C7C3F6C1B2958F100D8F29B /* JuPlusTests.m */; };
		9C7C3F8B1B29596300D8F29B /* NSString+JuPlisString.m in Sources */ = {isa = PBXBuildFile; fileRef = 9C7C3F7C1B29596300D8F29B /* NSString+JuPlisString.m */; };
		9C7C3F8C1B29596300D8F29B /* UIColor+JuPlusColor.m in Sources */ = {isa = PBXBuildFile; fileRef = 9C7C3F7F1B29596300D8F29B /* UIColor+JuPlusColor.m */; };
		9C7C3F8D1B29596300D8F29B /* UIImage+JuPlusUIImage.m in Sources */ = {isa = PBXBuildFile; fileRef = 9C7C3F811B29596300D8F29B /* UIImage+JuPlusUIImage.m */; };
		9C7C3F8E1B29596300D8F29B /* UIView+JuPlusUIView.m in Sources */ = {isa = PBXBuildFile; fileRef = 9C7C3F831B29596300D8F29B /* UIView+JuPlusUIView.m */; };
		9C7C3F8F1B29596300D8F29B /* JuPlusAppDelegate.m in Sources */ = {isa = PBXBuildFile; fileRef = 9C7C3F881B29596300D8F29B /* JuPlusAppDelegate.m */; };
		9C7C3F951B295F7100D8F29B /* CommonUtil.m in Sources */ = {isa = PBXBuildFile; fileRef = 9C7C3F941B295F7100D8F29B /* CommonUtil.m */; };
		9C7C3F981B2961F000D8F29B /* GuideViewController.m in Sources */ = {isa = PBXBuildFile; fileRef = 9C7C3F971B2961F000D8F29B /* GuideViewController.m */; };
		9C7C3F9E1B29646700D8F29B /* BaseViewController.m in Sources */ = {isa = PBXBuildFile; fileRef = 9C7C3F9D1B29646700D8F29B /* BaseViewController.m */; };
		9C7C3FA11B2966F200D8F29B /* JuPlusTabBarController.m in Sources */ = {isa = PBXBuildFile; fileRef = 9C7C3FA01B2966F200D8F29B /* JuPlusTabBarController.m */; };
		9C7C3FA41B296BFC00D8F29B /* DiscoveryViewController.m in Sources */ = {isa = PBXBuildFile; fileRef = 9C7C3FA31B296BFC00D8F29B /* DiscoveryViewController.m */; };
		9C7C3FA71B296C5C00D8F29B /* CollocationViewController.m in Sources */ = {isa = PBXBuildFile; fileRef = 9C7C3FA61B296C5C00D8F29B /* CollocationViewController.m */; };
		9C7C3FAA1B296CAD00D8F29B /* ClassificationViewController.m in Sources */ = {isa = PBXBuildFile; fileRef = 9C7C3FA91B296CAD00D8F29B /* ClassificationViewController.m */; };
		9C7C3FAD1B296CF400D8F29B /* MyAccountViewController.m in Sources */ = {isa = PBXBuildFile; fileRef = 9C7C3FAC1B296CF400D8F29B /* MyAccountViewController.m */; };
		9C7C3FB11B296DFB00D8F29B /* JuPlusNavigationController.m in Sources */ = {isa = PBXBuildFile; fileRef = 9C7C3FB01B296DFB00D8F29B /* JuPlusNavigationController.m */; };
		9C7C3FB61B29745500D8F29B /* icons_2.png in Resources */ = {isa = PBXBuildFile; fileRef = 9C7C3FB21B29745500D8F29B /* icons_2.png */; };
		9C7C3FB71B29745500D8F29B /* icons_3.png in Resources */ = {isa = PBXBuildFile; fileRef = 9C7C3FB31B29745500D8F29B /* icons_3.png */; };
		9C7C3FB81B29745500D8F29B /* icons_4.png in Resources */ = {isa = PBXBuildFile; fileRef = 9C7C3FB41B29745500D8F29B /* icons_4.png */; };
		9C7C3FB91B29745500D8F29B /* icons_5.png in Resources */ = {isa = PBXBuildFile; fileRef = 9C7C3FB51B29745500D8F29B /* icons_5.png */; };
		9CA276311B340525005D53BC /* HomeFurnishingViewController.m in Sources */ = {isa = PBXBuildFile; fileRef = 9CA276301B340525005D53BC /* HomeFurnishingViewController.m */; };
		9CABB3D51B329786006AD405 /* ClassifyView.m in Sources */ = {isa = PBXBuildFile; fileRef = 9CABB3D41B329786006AD405 /* ClassifyView.m */; };
		9CABB3D91B329BD2006AD405 /* JuPlusUIView.m in Sources */ = {isa = PBXBuildFile; fileRef = 9CABB3D81B329BD2006AD405 /* JuPlusUIView.m */; };
		9CABB3DB1B32A61F006AD405 /* 2.jpg in Resources */ = {isa = PBXBuildFile; fileRef = 9CABB3DA1B32A61F006AD405 /* 2.jpg */; };
		9CABB3DE1B32A97A006AD405 /* HobbyItemBtn.m in Sources */ = {isa = PBXBuildFile; fileRef = 9CABB3DD1B32A97A006AD405 /* HobbyItemBtn.m */; };
		C8D7669286761CD7A30B8AD4 /* libPods.a in Frameworks */ = {isa = PBXBuildFile; fileRef = 41B411C81AB0721482D2EC17 /* libPods.a */; };
/* End PBXBuildFile section */

/* Begin PBXContainerItemProxy section */
		9C7C3F671B2958F100D8F29B /* PBXContainerItemProxy */ = {
			isa = PBXContainerItemProxy;
			containerPortal = 9C7C3F451B2958F100D8F29B /* Project object */;
			proxyType = 1;
			remoteGlobalIDString = 9C7C3F4C1B2958F100D8F29B;
			remoteInfo = JuPlus;
		};
/* End PBXContainerItemProxy section */

/* Begin PBXFileReference section */
		41B411C81AB0721482D2EC17 /* libPods.a */ = {isa = PBXFileReference; explicitFileType = archive.ar; includeInIndex = 0; path = libPods.a; sourceTree = BUILT_PRODUCTS_DIR; };
		847C5EFD1B395B0D00706638 /* LoginViewController.h */ = {isa = PBXFileReference; fileEncoding = 4; lastKnownFileType = sourcecode.c.h; path = LoginViewController.h; sourceTree = "<group>"; };
		847C5EFE1B395B0D00706638 /* LoginViewController.m */ = {isa = PBXFileReference; fileEncoding = 4; lastKnownFileType = sourcecode.c.objc; path = LoginViewController.m; sourceTree = "<group>"; };
		847C5F001B395CE600706638 /* JuPlusTextField.h */ = {isa = PBXFileReference; fileEncoding = 4; lastKnownFileType = sourcecode.c.h; path = JuPlusTextField.h; sourceTree = "<group>"; };
		847C5F011B395CE600706638 /* JuPlusTextField.m */ = {isa = PBXFileReference; fileEncoding = 4; lastKnownFileType = sourcecode.c.objc; path = JuPlusTextField.m; sourceTree = "<group>"; };
		84D4D3F31B3A4A5D00674601 /* JuPlus-Prefix.pch */ = {isa = PBXFileReference; lastKnownFileType = sourcecode.c.h; path = "JuPlus-Prefix.pch"; sourceTree = "<group>"; };
		84D4D4011B3A862500674601 /* Version1 */ = {isa = PBXFileReference; lastKnownFileType = folder; path = Version1; sourceTree = "<group>"; };
		84D4D4031B3A8A0500674601 /* Default@2x.png */ = {isa = PBXFileReference; lastKnownFileType = image.png; path = "Default@2x.png"; sourceTree = "<group>"; };
		84D4D4151B3A8E3400674601 /* ServerException.h */ = {isa = PBXFileReference; fileEncoding = 4; lastKnownFileType = sourcecode.c.h; path = ServerException.h; sourceTree = "<group>"; };
		84D4D4161B3A8E3400674601 /* ServerException.m */ = {isa = PBXFileReference; fileEncoding = 4; lastKnownFileType = sourcecode.c.objc; path = ServerException.m; sourceTree = "<group>"; };
		84D4D4171B3A8E3400674601 /* NetException.h */ = {isa = PBXFileReference; fileEncoding = 4; lastKnownFileType = sourcecode.c.h; path = NetException.h; sourceTree = "<group>"; };
		84D4D4181B3A8E3400674601 /* NetException.m */ = {isa = PBXFileReference; fileEncoding = 4; lastKnownFileType = sourcecode.c.objc; path = NetException.m; sourceTree = "<group>"; };
		84D4D4191B3A8E3400674601 /* UnPackException.h */ = {isa = PBXFileReference; fileEncoding = 4; lastKnownFileType = sourcecode.c.h; path = UnPackException.h; sourceTree = "<group>"; };
		84D4D41A1B3A8E3400674601 /* UnPackException.m */ = {isa = PBXFileReference; fileEncoding = 4; lastKnownFileType = sourcecode.c.objc; path = UnPackException.m; sourceTree = "<group>"; };
		84D4D41B1B3A8E3400674601 /* PackException.h */ = {isa = PBXFileReference; fileEncoding = 4; lastKnownFileType = sourcecode.c.h; path = PackException.h; sourceTree = "<group>"; };
		84D4D41C1B3A8E3400674601 /* PackException.m */ = {isa = PBXFileReference; fileEncoding = 4; lastKnownFileType = sourcecode.c.objc; path = PackException.m; sourceTree = "<group>"; };
		84D4D41D1B3A8E3400674601 /* TimeoutException.h */ = {isa = PBXFileReference; fileEncoding = 4; lastKnownFileType = sourcecode.c.h; path = TimeoutException.h; sourceTree = "<group>"; };
		84D4D41E1B3A8E3400674601 /* TimeoutException.m */ = {isa = PBXFileReference; fileEncoding = 4; lastKnownFileType = sourcecode.c.objc; path = TimeoutException.m; sourceTree = "<group>"; };
		84D4D4241B3A90A000674601 /* Default-568h@2x.png */ = {isa = PBXFileReference; lastKnownFileType = image.png; path = "Default-568h@2x.png"; sourceTree = "<group>"; };
		84D4D4391B3A9FCA00674601 /* JuPlusRequest.h */ = {isa = PBXFileReference; fileEncoding = 4; lastKnownFileType = sourcecode.c.h; name = JuPlusRequest.h; path = JuPlus/ThirdFrameWorks/HttpCommications/Exceptions/JuPlusRequest.h; sourceTree = SOURCE_ROOT; };
		84D4D43A1B3A9FCA00674601 /* JuPlusRequest.m */ = {isa = PBXFileReference; fileEncoding = 4; lastKnownFileType = sourcecode.c.objc; name = JuPlusRequest.m; path = JuPlus/ThirdFrameWorks/HttpCommications/Exceptions/JuPlusRequest.m; sourceTree = SOURCE_ROOT; };
		84D4D43C1B3AAE2000674601 /* ClassifyLabelsRequest.h */ = {isa = PBXFileReference; fileEncoding = 4; lastKnownFileType = sourcecode.c.h; name = ClassifyLabelsRequest.h; path = JuPlus/ThirdFrameWorks/HttpCommications/ClassifyLabelsRequest.h; sourceTree = SOURCE_ROOT; };
		84D4D43D1B3AAE2000674601 /* ClassifyLabelsRequest.m */ = {isa = PBXFileReference; fileEncoding = 4; lastKnownFileType = sourcecode.c.objc; name = ClassifyLabelsRequest.m; path = JuPlus/ThirdFrameWorks/HttpCommications/ClassifyLabelsRequest.m; sourceTree = SOURCE_ROOT; };
		9C0017421B3D247D0018A9BF /* SingleDetialViewController.h */ = {isa = PBXFileReference; fileEncoding = 4; lastKnownFileType = sourcecode.c.h; path = SingleDetialViewController.h; sourceTree = "<group>"; };
		9C0017431B3D247D0018A9BF /* SingleDetialViewController.m */ = {isa = PBXFileReference; fileEncoding = 4; lastKnownFileType = sourcecode.c.objc; path = SingleDetialViewController.m; sourceTree = "<group>"; };
		9C0017461B3D2B750018A9BF /* HomePageInfoDTO.h */ = {isa = PBXFileReference; fileEncoding = 4; lastKnownFileType = sourcecode.c.h; path = HomePageInfoDTO.h; sourceTree = "<group>"; };
		9C0017471B3D2B750018A9BF /* HomePageInfoDTO.m */ = {isa = PBXFileReference; fileEncoding = 4; lastKnownFileType = sourcecode.c.objc; path = HomePageInfoDTO.m; sourceTree = "<group>"; };
		9C0017491B3D2C840018A9BF /* LabelDTO.h */ = {isa = PBXFileReference; fileEncoding = 4; lastKnownFileType = sourcecode.c.h; path = LabelDTO.h; sourceTree = "<group>"; };
		9C00174A1B3D2C840018A9BF /* LabelDTO.m */ = {isa = PBXFileReference; fileEncoding = 4; lastKnownFileType = sourcecode.c.objc; path = LabelDTO.m; sourceTree = "<group>"; };
		9C00174C1B3D2EAC0018A9BF /* BaseDTO.h */ = {isa = PBXFileReference; fileEncoding = 4; lastKnownFileType = sourcecode.c.h; path = BaseDTO.h; sourceTree = "<group>"; };
		9C00174D1B3D2EAC0018A9BF /* BaseDTO.m */ = {isa = PBXFileReference; fileEncoding = 4; lastKnownFileType = sourcecode.c.objc; path = BaseDTO.m; sourceTree = "<group>"; };
		9C00174F1B3D32A00018A9BF /* PriceView.h */ = {isa = PBXFileReference; fileEncoding = 4; lastKnownFileType = sourcecode.c.h; path = PriceView.h; sourceTree = "<group>"; };
		9C0017501B3D32A00018A9BF /* PriceView.m */ = {isa = PBXFileReference; fileEncoding = 4; lastKnownFileType = sourcecode.c.objc; path = PriceView.m; sourceTree = "<group>"; };
		9C5863AD1B392F53008BB5AD /* PackageCell.h */ = {isa = PBXFileReference; fileEncoding = 4; lastKnownFileType = sourcecode.c.h; path = PackageCell.h; sourceTree = "<group>"; };
		9C5863AE1B392F53008BB5AD /* PackageCell.m */ = {isa = PBXFileReference; fileEncoding = 4; lastKnownFileType = sourcecode.c.objc; path = PackageCell.m; sourceTree = "<group>"; };
		9C5863B01B3931EA008BB5AD /* PortraitView.h */ = {isa = PBXFileReference; fileEncoding = 4; lastKnownFileType = sourcecode.c.h; path = PortraitView.h; sourceTree = "<group>"; };
		9C5863B11B3931EA008BB5AD /* PortraitView.m */ = {isa = PBXFileReference; fileEncoding = 4; lastKnownFileType = sourcecode.c.objc; path = PortraitView.m; sourceTree = "<group>"; };
		9C5863B51B3933C7008BB5AD /* MKAnnotationView+WebCache.h */ = {isa = PBXFileReference; fileEncoding = 4; lastKnownFileType = sourcecode.c.h; path = "MKAnnotationView+WebCache.h"; sourceTree = "<group>"; };
		9C5863B61B3933C7008BB5AD /* MKAnnotationView+WebCache.m */ = {isa = PBXFileReference; fileEncoding = 4; lastKnownFileType = sourcecode.c.objc; path = "MKAnnotationView+WebCache.m"; sourceTree = "<group>"; };
		9C5863B71B3933C7008BB5AD /* NSData+ImageContentType.h */ = {isa = PBXFileReference; fileEncoding = 4; lastKnownFileType = sourcecode.c.h; path = "NSData+ImageContentType.h"; sourceTree = "<group>"; };
		9C5863B81B3933C7008BB5AD /* NSData+ImageContentType.m */ = {isa = PBXFileReference; fileEncoding = 4; lastKnownFileType = sourcecode.c.objc; path = "NSData+ImageContentType.m"; sourceTree = "<group>"; };
		9C5863B91B3933C7008BB5AD /* SDImageCache.h */ = {isa = PBXFileReference; fileEncoding = 4; lastKnownFileType = sourcecode.c.h; path = SDImageCache.h; sourceTree = "<group>"; };
		9C5863BA1B3933C7008BB5AD /* SDImageCache.m */ = {isa = PBXFileReference; fileEncoding = 4; lastKnownFileType = sourcecode.c.objc; path = SDImageCache.m; sourceTree = "<group>"; };
		9C5863BB1B3933C7008BB5AD /* SDWebImageCompat.h */ = {isa = PBXFileReference; fileEncoding = 4; lastKnownFileType = sourcecode.c.h; path = SDWebImageCompat.h; sourceTree = "<group>"; };
		9C5863BC1B3933C7008BB5AD /* SDWebImageCompat.m */ = {isa = PBXFileReference; fileEncoding = 4; lastKnownFileType = sourcecode.c.objc; path = SDWebImageCompat.m; sourceTree = "<group>"; };
		9C5863BD1B3933C7008BB5AD /* SDWebImageDecoder.h */ = {isa = PBXFileReference; fileEncoding = 4; lastKnownFileType = sourcecode.c.h; path = SDWebImageDecoder.h; sourceTree = "<group>"; };
		9C5863BE1B3933C7008BB5AD /* SDWebImageDecoder.m */ = {isa = PBXFileReference; fileEncoding = 4; lastKnownFileType = sourcecode.c.objc; path = SDWebImageDecoder.m; sourceTree = "<group>"; };
		9C5863BF1B3933C7008BB5AD /* SDWebImageDownloader.h */ = {isa = PBXFileReference; fileEncoding = 4; lastKnownFileType = sourcecode.c.h; path = SDWebImageDownloader.h; sourceTree = "<group>"; };
		9C5863C01B3933C7008BB5AD /* SDWebImageDownloader.m */ = {isa = PBXFileReference; fileEncoding = 4; lastKnownFileType = sourcecode.c.objc; path = SDWebImageDownloader.m; sourceTree = "<group>"; };
		9C5863C11B3933C7008BB5AD /* SDWebImageDownloaderOperation.h */ = {isa = PBXFileReference; fileEncoding = 4; lastKnownFileType = sourcecode.c.h; path = SDWebImageDownloaderOperation.h; sourceTree = "<group>"; };
		9C5863C21B3933C7008BB5AD /* SDWebImageDownloaderOperation.m */ = {isa = PBXFileReference; fileEncoding = 4; lastKnownFileType = sourcecode.c.objc; path = SDWebImageDownloaderOperation.m; sourceTree = "<group>"; };
		9C5863C31B3933C7008BB5AD /* SDWebImageManager.h */ = {isa = PBXFileReference; fileEncoding = 4; lastKnownFileType = sourcecode.c.h; path = SDWebImageManager.h; sourceTree = "<group>"; };
		9C5863C41B3933C7008BB5AD /* SDWebImageManager.m */ = {isa = PBXFileReference; fileEncoding = 4; lastKnownFileType = sourcecode.c.objc; path = SDWebImageManager.m; sourceTree = "<group>"; };
		9C5863C51B3933C7008BB5AD /* SDWebImageOperation.h */ = {isa = PBXFileReference; fileEncoding = 4; lastKnownFileType = sourcecode.c.h; path = SDWebImageOperation.h; sourceTree = "<group>"; };
		9C5863C61B3933C7008BB5AD /* SDWebImagePrefetcher.h */ = {isa = PBXFileReference; fileEncoding = 4; lastKnownFileType = sourcecode.c.h; path = SDWebImagePrefetcher.h; sourceTree = "<group>"; };
		9C5863C71B3933C7008BB5AD /* SDWebImagePrefetcher.m */ = {isa = PBXFileReference; fileEncoding = 4; lastKnownFileType = sourcecode.c.objc; path = SDWebImagePrefetcher.m; sourceTree = "<group>"; };
		9C5863C81B3933C7008BB5AD /* UIButton+WebCache.h */ = {isa = PBXFileReference; fileEncoding = 4; lastKnownFileType = sourcecode.c.h; path = "UIButton+WebCache.h"; sourceTree = "<group>"; };
		9C5863C91B3933C7008BB5AD /* UIButton+WebCache.m */ = {isa = PBXFileReference; fileEncoding = 4; lastKnownFileType = sourcecode.c.objc; path = "UIButton+WebCache.m"; sourceTree = "<group>"; };
		9C5863CA1B3933C7008BB5AD /* UIImage+GIF.h */ = {isa = PBXFileReference; fileEncoding = 4; lastKnownFileType = sourcecode.c.h; path = "UIImage+GIF.h"; sourceTree = "<group>"; };
		9C5863CB1B3933C7008BB5AD /* UIImage+GIF.m */ = {isa = PBXFileReference; fileEncoding = 4; lastKnownFileType = sourcecode.c.objc; path = "UIImage+GIF.m"; sourceTree = "<group>"; };
		9C5863CC1B3933C7008BB5AD /* UIImage+MultiFormat.h */ = {isa = PBXFileReference; fileEncoding = 4; lastKnownFileType = sourcecode.c.h; path = "UIImage+MultiFormat.h"; sourceTree = "<group>"; };
		9C5863CD1B3933C7008BB5AD /* UIImage+MultiFormat.m */ = {isa = PBXFileReference; fileEncoding = 4; lastKnownFileType = sourcecode.c.objc; path = "UIImage+MultiFormat.m"; sourceTree = "<group>"; };
		9C5863CE1B3933C7008BB5AD /* UIImage+WebP.h */ = {isa = PBXFileReference; fileEncoding = 4; lastKnownFileType = sourcecode.c.h; path = "UIImage+WebP.h"; sourceTree = "<group>"; };
		9C5863CF1B3933C7008BB5AD /* UIImage+WebP.m */ = {isa = PBXFileReference; fileEncoding = 4; lastKnownFileType = sourcecode.c.objc; path = "UIImage+WebP.m"; sourceTree = "<group>"; };
		9C5863D01B3933C7008BB5AD /* UIImageView+HighlightedWebCache.h */ = {isa = PBXFileReference; fileEncoding = 4; lastKnownFileType = sourcecode.c.h; path = "UIImageView+HighlightedWebCache.h"; sourceTree = "<group>"; };
		9C5863D11B3933C7008BB5AD /* UIImageView+HighlightedWebCache.m */ = {isa = PBXFileReference; fileEncoding = 4; lastKnownFileType = sourcecode.c.objc; path = "UIImageView+HighlightedWebCache.m"; sourceTree = "<group>"; };
		9C5863D21B3933C7008BB5AD /* UIImageView+WebCache.h */ = {isa = PBXFileReference; fileEncoding = 4; lastKnownFileType = sourcecode.c.h; path = "UIImageView+WebCache.h"; sourceTree = "<group>"; };
		9C5863D31B3933C7008BB5AD /* UIImageView+WebCache.m */ = {isa = PBXFileReference; fileEncoding = 4; lastKnownFileType = sourcecode.c.objc; path = "UIImageView+WebCache.m"; sourceTree = "<group>"; };
		9C5863D41B3933C7008BB5AD /* UIView+WebCacheOperation.h */ = {isa = PBXFileReference; fileEncoding = 4; lastKnownFileType = sourcecode.c.h; path = "UIView+WebCacheOperation.h"; sourceTree = "<group>"; };
		9C5863D51B3933C7008BB5AD /* UIView+WebCacheOperation.m */ = {isa = PBXFileReference; fileEncoding = 4; lastKnownFileType = sourcecode.c.objc; path = "UIView+WebCacheOperation.m"; sourceTree = "<group>"; };
		9C5863E61B393EB9008BB5AD /* MarkedLabelView.h */ = {isa = PBXFileReference; fileEncoding = 4; lastKnownFileType = sourcecode.c.h; path = MarkedLabelView.h; sourceTree = "<group>"; };
		9C5863E71B393EB9008BB5AD /* MarkedLabelView.m */ = {isa = PBXFileReference; fileEncoding = 4; lastKnownFileType = sourcecode.c.objc; path = MarkedLabelView.m; sourceTree = "<group>"; };
		9C5B249D1B2E7E4C0024C936 /* ScrollRefreshView.h */ = {isa = PBXFileReference; fileEncoding = 4; lastKnownFileType = sourcecode.c.h; path = ScrollRefreshView.h; sourceTree = "<group>"; };
		9C5B249E1B2E7E4C0024C936 /* ScrollRefreshView.m */ = {isa = PBXFileReference; fileEncoding = 4; lastKnownFileType = sourcecode.c.objc; path = ScrollRefreshView.m; sourceTree = "<group>"; };
		9C5B249F1B2E7E4C0024C936 /* ScrollRefreshViewFooter.h */ = {isa = PBXFileReference; fileEncoding = 4; lastKnownFileType = sourcecode.c.h; path = ScrollRefreshViewFooter.h; sourceTree = "<group>"; };
		9C5B24A01B2E7E4C0024C936 /* ScrollRefreshViewFooter.m */ = {isa = PBXFileReference; fileEncoding = 4; lastKnownFileType = sourcecode.c.objc; path = ScrollRefreshViewFooter.m; sourceTree = "<group>"; };
		9C5B24A11B2E7E4C0024C936 /* ScrollRefreshViewHead.h */ = {isa = PBXFileReference; fileEncoding = 4; lastKnownFileType = sourcecode.c.h; path = ScrollRefreshViewHead.h; sourceTree = "<group>"; };
		9C5B24A21B2E7E4C0024C936 /* ScrollRefreshViewHead.m */ = {isa = PBXFileReference; fileEncoding = 4; lastKnownFileType = sourcecode.c.objc; path = ScrollRefreshViewHead.m; sourceTree = "<group>"; };
		9C5B24A61B2E7E6F0024C936 /* JuPlusRefresh.h */ = {isa = PBXFileReference; lastKnownFileType = sourcecode.c.h; path = JuPlusRefresh.h; sourceTree = "<group>"; };
		9C7C3F4D1B2958F100D8F29B /* JuPlus.app */ = {isa = PBXFileReference; explicitFileType = wrapper.application; includeInIndex = 0; path = JuPlus.app; sourceTree = BUILT_PRODUCTS_DIR; };
		9C7C3F511B2958F100D8F29B /* Info.plist */ = {isa = PBXFileReference; lastKnownFileType = text.plist.xml; path = Info.plist; sourceTree = "<group>"; };
		9C7C3F521B2958F100D8F29B /* main.m */ = {isa = PBXFileReference; lastKnownFileType = sourcecode.c.objc; path = main.m; sourceTree = "<group>"; };
		9C7C3F5D1B2958F100D8F29B /* Images.xcassets */ = {isa = PBXFileReference; lastKnownFileType = folder.assetcatalog; path = Images.xcassets; sourceTree = "<group>"; };
		9C7C3F661B2958F100D8F29B /* JuPlusTests.xctest */ = {isa = PBXFileReference; explicitFileType = wrapper.cfbundle; includeInIndex = 0; path = JuPlusTests.xctest; sourceTree = BUILT_PRODUCTS_DIR; };
		9C7C3F6B1B2958F100D8F29B /* Info.plist */ = {isa = PBXFileReference; lastKnownFileType = text.plist.xml; path = Info.plist; sourceTree = "<group>"; };
		9C7C3F6C1B2958F100D8F29B /* JuPlusTests.m */ = {isa = PBXFileReference; lastKnownFileType = sourcecode.c.objc; path = JuPlusTests.m; sourceTree = "<group>"; };
		9C7C3F781B29596300D8F29B /* JuPlusConstant.h */ = {isa = PBXFileReference; fileEncoding = 4; lastKnownFileType = sourcecode.c.h; path = JuPlusConstant.h; sourceTree = "<group>"; };
		9C7C3F791B29596300D8F29B /* JuPlusEnvironmentConfig.h */ = {isa = PBXFileReference; fileEncoding = 4; lastKnownFileType = sourcecode.c.h; path = JuPlusEnvironmentConfig.h; sourceTree = "<group>"; };
		9C7C3F7C1B29596300D8F29B /* NSString+JuPlisString.m */ = {isa = PBXFileReference; fileEncoding = 4; lastKnownFileType = sourcecode.c.objc; path = "NSString+JuPlisString.m"; sourceTree = "<group>"; };
		9C7C3F7D1B29596300D8F29B /* NSString+JuPlusString.h */ = {isa = PBXFileReference; fileEncoding = 4; lastKnownFileType = sourcecode.c.h; path = "NSString+JuPlusString.h"; sourceTree = "<group>"; };
		9C7C3F7E1B29596300D8F29B /* UIColor+JuPlusColor.h */ = {isa = PBXFileReference; fileEncoding = 4; lastKnownFileType = sourcecode.c.h; path = "UIColor+JuPlusColor.h"; sourceTree = "<group>"; };
		9C7C3F7F1B29596300D8F29B /* UIColor+JuPlusColor.m */ = {isa = PBXFileReference; fileEncoding = 4; lastKnownFileType = sourcecode.c.objc; path = "UIColor+JuPlusColor.m"; sourceTree = "<group>"; };
		9C7C3F801B29596300D8F29B /* UIImage+JuPlusUIImage.h */ = {isa = PBXFileReference; fileEncoding = 4; lastKnownFileType = sourcecode.c.h; path = "UIImage+JuPlusUIImage.h"; sourceTree = "<group>"; };
		9C7C3F811B29596300D8F29B /* UIImage+JuPlusUIImage.m */ = {isa = PBXFileReference; fileEncoding = 4; lastKnownFileType = sourcecode.c.objc; path = "UIImage+JuPlusUIImage.m"; sourceTree = "<group>"; };
		9C7C3F821B29596300D8F29B /* UIView+JuPlusUIView.h */ = {isa = PBXFileReference; fileEncoding = 4; lastKnownFileType = sourcecode.c.h; path = "UIView+JuPlusUIView.h"; sourceTree = "<group>"; };
		9C7C3F831B29596300D8F29B /* UIView+JuPlusUIView.m */ = {isa = PBXFileReference; fileEncoding = 4; lastKnownFileType = sourcecode.c.objc; path = "UIView+JuPlusUIView.m"; sourceTree = "<group>"; };
		9C7C3F871B29596300D8F29B /* JuPlusAppDelegate.h */ = {isa = PBXFileReference; fileEncoding = 4; lastKnownFileType = sourcecode.c.h; path = JuPlusAppDelegate.h; sourceTree = "<group>"; };
		9C7C3F881B29596300D8F29B /* JuPlusAppDelegate.m */ = {isa = PBXFileReference; fileEncoding = 4; lastKnownFileType = sourcecode.c.objc; path = JuPlusAppDelegate.m; sourceTree = "<group>"; };
		9C7C3F901B295BD800D8F29B /* JuPlusReleaseConfig.h */ = {isa = PBXFileReference; lastKnownFileType = sourcecode.c.h; path = JuPlusReleaseConfig.h; sourceTree = "<group>"; };
		9C7C3F911B295CF000D8F29B /* JuPlusGlobalNSUserDefault.h */ = {isa = PBXFileReference; lastKnownFileType = sourcecode.c.h; path = JuPlusGlobalNSUserDefault.h; sourceTree = "<group>"; };
		9C7C3F931B295F7100D8F29B /* CommonUtil.h */ = {isa = PBXFileReference; fileEncoding = 4; lastKnownFileType = sourcecode.c.h; path = CommonUtil.h; sourceTree = "<group>"; };
		9C7C3F941B295F7100D8F29B /* CommonUtil.m */ = {isa = PBXFileReference; fileEncoding = 4; lastKnownFileType = sourcecode.c.objc; path = CommonUtil.m; sourceTree = "<group>"; };
		9C7C3F961B2961F000D8F29B /* GuideViewController.h */ = {isa = PBXFileReference; fileEncoding = 4; lastKnownFileType = sourcecode.c.h; path = GuideViewController.h; sourceTree = "<group>"; };
		9C7C3F971B2961F000D8F29B /* GuideViewController.m */ = {isa = PBXFileReference; fileEncoding = 4; lastKnownFileType = sourcecode.c.objc; path = GuideViewController.m; sourceTree = "<group>"; };
		9C7C3F9C1B29646700D8F29B /* BaseViewController.h */ = {isa = PBXFileReference; fileEncoding = 4; lastKnownFileType = sourcecode.c.h; name = BaseViewController.h; path = ../HomePage/BaseViewController.h; sourceTree = "<group>"; };
		9C7C3F9D1B29646700D8F29B /* BaseViewController.m */ = {isa = PBXFileReference; fileEncoding = 4; lastKnownFileType = sourcecode.c.objc; name = BaseViewController.m; path = ../HomePage/BaseViewController.m; sourceTree = "<group>"; };
		9C7C3F9F1B2966F200D8F29B /* JuPlusTabBarController.h */ = {isa = PBXFileReference; fileEncoding = 4; lastKnownFileType = sourcecode.c.h; name = JuPlusTabBarController.h; path = ../HomePage/JuPlusTabBarController.h; sourceTree = "<group>"; };
		9C7C3FA01B2966F200D8F29B /* JuPlusTabBarController.m */ = {isa = PBXFileReference; fileEncoding = 4; lastKnownFileType = sourcecode.c.objc; name = JuPlusTabBarController.m; path = ../HomePage/JuPlusTabBarController.m; sourceTree = "<group>"; };
		9C7C3FA21B296BFC00D8F29B /* DiscoveryViewController.h */ = {isa = PBXFileReference; fileEncoding = 4; lastKnownFileType = sourcecode.c.h; path = DiscoveryViewController.h; sourceTree = "<group>"; };
		9C7C3FA31B296BFC00D8F29B /* DiscoveryViewController.m */ = {isa = PBXFileReference; fileEncoding = 4; lastKnownFileType = sourcecode.c.objc; path = DiscoveryViewController.m; sourceTree = "<group>"; };
		9C7C3FA51B296C5C00D8F29B /* CollocationViewController.h */ = {isa = PBXFileReference; fileEncoding = 4; lastKnownFileType = sourcecode.c.h; path = CollocationViewController.h; sourceTree = "<group>"; };
		9C7C3FA61B296C5C00D8F29B /* CollocationViewController.m */ = {isa = PBXFileReference; fileEncoding = 4; lastKnownFileType = sourcecode.c.objc; path = CollocationViewController.m; sourceTree = "<group>"; };
		9C7C3FA81B296CAD00D8F29B /* ClassificationViewController.h */ = {isa = PBXFileReference; fileEncoding = 4; lastKnownFileType = sourcecode.c.h; path = ClassificationViewController.h; sourceTree = "<group>"; };
		9C7C3FA91B296CAD00D8F29B /* ClassificationViewController.m */ = {isa = PBXFileReference; fileEncoding = 4; lastKnownFileType = sourcecode.c.objc; path = ClassificationViewController.m; sourceTree = "<group>"; };
		9C7C3FAB1B296CF400D8F29B /* MyAccountViewController.h */ = {isa = PBXFileReference; fileEncoding = 4; lastKnownFileType = sourcecode.c.h; path = MyAccountViewController.h; sourceTree = "<group>"; };
		9C7C3FAC1B296CF400D8F29B /* MyAccountViewController.m */ = {isa = PBXFileReference; fileEncoding = 4; lastKnownFileType = sourcecode.c.objc; path = MyAccountViewController.m; sourceTree = "<group>"; };
		9C7C3FAF1B296DFB00D8F29B /* JuPlusNavigationController.h */ = {isa = PBXFileReference; fileEncoding = 4; lastKnownFileType = sourcecode.c.h; path = JuPlusNavigationController.h; sourceTree = "<group>"; };
		9C7C3FB01B296DFB00D8F29B /* JuPlusNavigationController.m */ = {isa = PBXFileReference; fileEncoding = 4; lastKnownFileType = sourcecode.c.objc; path = JuPlusNavigationController.m; sourceTree = "<group>"; };
		9C7C3FB21B29745500D8F29B /* icons_2.png */ = {isa = PBXFileReference; lastKnownFileType = image.png; path = icons_2.png; sourceTree = "<group>"; };
		9C7C3FB31B29745500D8F29B /* icons_3.png */ = {isa = PBXFileReference; lastKnownFileType = image.png; path = icons_3.png; sourceTree = "<group>"; };
		9C7C3FB41B29745500D8F29B /* icons_4.png */ = {isa = PBXFileReference; lastKnownFileType = image.png; path = icons_4.png; sourceTree = "<group>"; };
		9C7C3FB51B29745500D8F29B /* icons_5.png */ = {isa = PBXFileReference; lastKnownFileType = image.png; path = icons_5.png; sourceTree = "<group>"; };
		9CA2762F1B340525005D53BC /* HomeFurnishingViewController.h */ = {isa = PBXFileReference; fileEncoding = 4; lastKnownFileType = sourcecode.c.h; path = HomeFurnishingViewController.h; sourceTree = "<group>"; };
		9CA276301B340525005D53BC /* HomeFurnishingViewController.m */ = {isa = PBXFileReference; fileEncoding = 4; lastKnownFileType = sourcecode.c.objc; path = HomeFurnishingViewController.m; sourceTree = "<group>"; };
		9CABB3D31B329786006AD405 /* ClassifyView.h */ = {isa = PBXFileReference; fileEncoding = 4; lastKnownFileType = sourcecode.c.h; path = ClassifyView.h; sourceTree = "<group>"; };
		9CABB3D41B329786006AD405 /* ClassifyView.m */ = {isa = PBXFileReference; fileEncoding = 4; lastKnownFileType = sourcecode.c.objc; path = ClassifyView.m; sourceTree = "<group>"; };
		9CABB3D61B329AE5006AD405 /* JuPlusCustomMethod.h */ = {isa = PBXFileReference; lastKnownFileType = sourcecode.c.h; path = JuPlusCustomMethod.h; sourceTree = "<group>"; };
		9CABB3D71B329BD2006AD405 /* JuPlusUIView.h */ = {isa = PBXFileReference; fileEncoding = 4; lastKnownFileType = sourcecode.c.h; path = JuPlusUIView.h; sourceTree = "<group>"; };
		9CABB3D81B329BD2006AD405 /* JuPlusUIView.m */ = {isa = PBXFileReference; fileEncoding = 4; lastKnownFileType = sourcecode.c.objc; path = JuPlusUIView.m; sourceTree = "<group>"; };
		9CABB3DA1B32A61F006AD405 /* 2.jpg */ = {isa = PBXFileReference; lastKnownFileType = image.jpeg; path = 2.jpg; sourceTree = "<group>"; };
		9CABB3DC1B32A97A006AD405 /* HobbyItemBtn.h */ = {isa = PBXFileReference; fileEncoding = 4; lastKnownFileType = sourcecode.c.h; path = HobbyItemBtn.h; sourceTree = "<group>"; };
		9CABB3DD1B32A97A006AD405 /* HobbyItemBtn.m */ = {isa = PBXFileReference; fileEncoding = 4; lastKnownFileType = sourcecode.c.objc; path = HobbyItemBtn.m; sourceTree = "<group>"; };
		D7C5DA73B5B9477AD5A090BD /* Pods.release.xcconfig */ = {isa = PBXFileReference; includeInIndex = 1; lastKnownFileType = text.xcconfig; name = Pods.release.xcconfig; path = "Pods/Target Support Files/Pods/Pods.release.xcconfig"; sourceTree = "<group>"; };
		E62F0845A09F94CB285CAC40 /* Pods.debug.xcconfig */ = {isa = PBXFileReference; includeInIndex = 1; lastKnownFileType = text.xcconfig; name = Pods.debug.xcconfig; path = "Pods/Target Support Files/Pods/Pods.debug.xcconfig"; sourceTree = "<group>"; };
/* End PBXFileReference section */

/* Begin PBXFrameworksBuildPhase section */
		9C7C3F4A1B2958F100D8F29B /* Frameworks */ = {
			isa = PBXFrameworksBuildPhase;
			buildActionMask = 2147483647;
			files = (
				C8D7669286761CD7A30B8AD4 /* libPods.a in Frameworks */,
			);
			runOnlyForDeploymentPostprocessing = 0;
		};
		9C7C3F631B2958F100D8F29B /* Frameworks */ = {
			isa = PBXFrameworksBuildPhase;
			buildActionMask = 2147483647;
			files = (
			);
			runOnlyForDeploymentPostprocessing = 0;
		};
/* End PBXFrameworksBuildPhase section */

/* Begin PBXGroup section */
		6FB8F60F36C0EB648810EA39 /* Pods */ = {
			isa = PBXGroup;
			children = (
				E62F0845A09F94CB285CAC40 /* Pods.debug.xcconfig */,
				D7C5DA73B5B9477AD5A090BD /* Pods.release.xcconfig */,
			);
			name = Pods;
			sourceTree = "<group>";
		};
		84D4D4101B3A8D6900674601 /* HttpCommications */ = {
			isa = PBXGroup;
			children = (
				84D4D4291B3A913600674601 /* BaseReqAndRespon */,
				84D4D4141B3A8E1800674601 /* Exceptions */,
			);
			path = HttpCommications;
			sourceTree = "<group>";
		};
		84D4D4141B3A8E1800674601 /* Exceptions */ = {
			isa = PBXGroup;
			children = (
				84D4D4151B3A8E3400674601 /* ServerException.h */,
				84D4D4161B3A8E3400674601 /* ServerException.m */,
				84D4D4171B3A8E3400674601 /* NetException.h */,
				84D4D4181B3A8E3400674601 /* NetException.m */,
				84D4D4191B3A8E3400674601 /* UnPackException.h */,
				84D4D41A1B3A8E3400674601 /* UnPackException.m */,
				84D4D41B1B3A8E3400674601 /* PackException.h */,
				84D4D41C1B3A8E3400674601 /* PackException.m */,
				84D4D41D1B3A8E3400674601 /* TimeoutException.h */,
				84D4D41E1B3A8E3400674601 /* TimeoutException.m */,
			);
			path = Exceptions;
			sourceTree = "<group>";
		};
		84D4D4291B3A913600674601 /* BaseReqAndRespon */ = {
			isa = PBXGroup;
			children = (
				84D4D4391B3A9FCA00674601 /* JuPlusRequest.h */,
				84D4D43A1B3A9FCA00674601 /* JuPlusRequest.m */,
				84D4D43C1B3AAE2000674601 /* ClassifyLabelsRequest.h */,
				84D4D43D1B3AAE2000674601 /* ClassifyLabelsRequest.m */,
			);
			path = BaseReqAndRespon;
			sourceTree = "<group>";
		};
		9C0017411B3D244A0018A9BF /* Detail */ = {
			isa = PBXGroup;
			children = (
				9C0017421B3D247D0018A9BF /* SingleDetialViewController.h */,
				9C0017431B3D247D0018A9BF /* SingleDetialViewController.m */,
			);
			path = Detail;
			sourceTree = "<group>";
		};
		9C0017451B3D2B480018A9BF /* JuPlusDTO */ = {
			isa = PBXGroup;
			children = (
				9C0017461B3D2B750018A9BF /* HomePageInfoDTO.h */,
				9C0017471B3D2B750018A9BF /* HomePageInfoDTO.m */,
				9C0017491B3D2C840018A9BF /* LabelDTO.h */,
				9C00174A1B3D2C840018A9BF /* LabelDTO.m */,
				9C00174C1B3D2EAC0018A9BF /* BaseDTO.h */,
				9C00174D1B3D2EAC0018A9BF /* BaseDTO.m */,
			);
			path = JuPlusDTO;
			sourceTree = "<group>";
		};
		9C5863AC1B392F19008BB5AD /* CustomCells */ = {
			isa = PBXGroup;
			children = (
				9C5863AD1B392F53008BB5AD /* PackageCell.h */,
				9C5863AE1B392F53008BB5AD /* PackageCell.m */,
			);
			name = CustomCells;
			path = customCells;
			sourceTree = "<group>";
		};
		9C5863B31B3933A9008BB5AD /* ThirdFrameWorks */ = {
			isa = PBXGroup;
			children = (
				84D4D4101B3A8D6900674601 /* HttpCommications */,
				9C5863B41B3933C7008BB5AD /* SDWebImage */,
			);
			path = ThirdFrameWorks;
			sourceTree = "<group>";
		};
		9C5863B41B3933C7008BB5AD /* SDWebImage */ = {
			isa = PBXGroup;
			children = (
				9C5863B51B3933C7008BB5AD /* MKAnnotationView+WebCache.h */,
				9C5863B61B3933C7008BB5AD /* MKAnnotationView+WebCache.m */,
				9C5863B71B3933C7008BB5AD /* NSData+ImageContentType.h */,
				9C5863B81B3933C7008BB5AD /* NSData+ImageContentType.m */,
				9C5863B91B3933C7008BB5AD /* SDImageCache.h */,
				9C5863BA1B3933C7008BB5AD /* SDImageCache.m */,
				9C5863BB1B3933C7008BB5AD /* SDWebImageCompat.h */,
				9C5863BC1B3933C7008BB5AD /* SDWebImageCompat.m */,
				9C5863BD1B3933C7008BB5AD /* SDWebImageDecoder.h */,
				9C5863BE1B3933C7008BB5AD /* SDWebImageDecoder.m */,
				9C5863BF1B3933C7008BB5AD /* SDWebImageDownloader.h */,
				9C5863C01B3933C7008BB5AD /* SDWebImageDownloader.m */,
				9C5863C11B3933C7008BB5AD /* SDWebImageDownloaderOperation.h */,
				9C5863C21B3933C7008BB5AD /* SDWebImageDownloaderOperation.m */,
				9C5863C31B3933C7008BB5AD /* SDWebImageManager.h */,
				9C5863C41B3933C7008BB5AD /* SDWebImageManager.m */,
				9C5863C51B3933C7008BB5AD /* SDWebImageOperation.h */,
				9C5863C61B3933C7008BB5AD /* SDWebImagePrefetcher.h */,
				9C5863C71B3933C7008BB5AD /* SDWebImagePrefetcher.m */,
				9C5863C81B3933C7008BB5AD /* UIButton+WebCache.h */,
				9C5863C91B3933C7008BB5AD /* UIButton+WebCache.m */,
				9C5863CA1B3933C7008BB5AD /* UIImage+GIF.h */,
				9C5863CB1B3933C7008BB5AD /* UIImage+GIF.m */,
				9C5863CC1B3933C7008BB5AD /* UIImage+MultiFormat.h */,
				9C5863CD1B3933C7008BB5AD /* UIImage+MultiFormat.m */,
				9C5863CE1B3933C7008BB5AD /* UIImage+WebP.h */,
				9C5863CF1B3933C7008BB5AD /* UIImage+WebP.m */,
				9C5863D01B3933C7008BB5AD /* UIImageView+HighlightedWebCache.h */,
				9C5863D11B3933C7008BB5AD /* UIImageView+HighlightedWebCache.m */,
				9C5863D21B3933C7008BB5AD /* UIImageView+WebCache.h */,
				9C5863D31B3933C7008BB5AD /* UIImageView+WebCache.m */,
				9C5863D41B3933C7008BB5AD /* UIView+WebCacheOperation.h */,
				9C5863D51B3933C7008BB5AD /* UIView+WebCacheOperation.m */,
			);
			path = SDWebImage;
			sourceTree = "<group>";
		};
		9C5B249C1B2E7E3C0024C936 /* RefreshView */ = {
			isa = PBXGroup;
			children = (
				9C5B249D1B2E7E4C0024C936 /* ScrollRefreshView.h */,
				9C5B249E1B2E7E4C0024C936 /* ScrollRefreshView.m */,
				9C5B249F1B2E7E4C0024C936 /* ScrollRefreshViewFooter.h */,
				9C5B24A01B2E7E4C0024C936 /* ScrollRefreshViewFooter.m */,
				9C5B24A11B2E7E4C0024C936 /* ScrollRefreshViewHead.h */,
				9C5B24A21B2E7E4C0024C936 /* ScrollRefreshViewHead.m */,
				9C5B24A61B2E7E6F0024C936 /* JuPlusRefresh.h */,
			);
			path = RefreshView;
			sourceTree = "<group>";
		};
		9C7C3F441B2958F100D8F29B = {
			isa = PBXGroup;
			children = (
				84D4D4241B3A90A000674601 /* Default-568h@2x.png */,
				9C7C3F4F1B2958F100D8F29B /* JuPlus */,
				9C7C3F691B2958F100D8F29B /* JuPlusTests */,
				9C7C3F4E1B2958F100D8F29B /* Products */,
				6FB8F60F36C0EB648810EA39 /* Pods */,
				E73E3BE362588C83AF8352D9 /* Frameworks */,
			);
			sourceTree = "<group>";
		};
		9C7C3F4E1B2958F100D8F29B /* Products */ = {
			isa = PBXGroup;
			children = (
				9C7C3F4D1B2958F100D8F29B /* JuPlus.app */,
				9C7C3F661B2958F100D8F29B /* JuPlusTests.xctest */,
			);
			name = Products;
			sourceTree = "<group>";
		};
		9C7C3F4F1B2958F100D8F29B /* JuPlus */ = {
			isa = PBXGroup;
			children = (
				9C7C3F871B29596300D8F29B /* JuPlusAppDelegate.h */,
				9C7C3F881B29596300D8F29B /* JuPlusAppDelegate.m */,
				9C5863B31B3933A9008BB5AD /* ThirdFrameWorks */,
				9C7C3F761B29596300D8F29B /* BasicFrame */,
				9C7C3F841B29596300D8F29B /* CustomizedView */,
				9C7C3F861B29596300D8F29B /* Images */,
				9C7C3F891B29596300D8F29B /* ViewControllers */,
				9C7C3F5D1B2958F100D8F29B /* Images.xcassets */,
				9C7C3F501B2958F100D8F29B /* Supporting Files */,
			);
			path = JuPlus;
			sourceTree = "<group>";
		};
		9C7C3F501B2958F100D8F29B /* Supporting Files */ = {
			isa = PBXGroup;
			children = (
				9C7C3F511B2958F100D8F29B /* Info.plist */,
				9C7C3F521B2958F100D8F29B /* main.m */,
				84D4D3F31B3A4A5D00674601 /* JuPlus-Prefix.pch */,
			);
			name = "Supporting Files";
			sourceTree = "<group>";
		};
		9C7C3F691B2958F100D8F29B /* JuPlusTests */ = {
			isa = PBXGroup;
			children = (
				9C7C3F6C1B2958F100D8F29B /* JuPlusTests.m */,
				9C7C3F6A1B2958F100D8F29B /* Supporting Files */,
			);
			path = JuPlusTests;
			sourceTree = "<group>";
		};
		9C7C3F6A1B2958F100D8F29B /* Supporting Files */ = {
			isa = PBXGroup;
			children = (
				9C7C3F6B1B2958F100D8F29B /* Info.plist */,
			);
			name = "Supporting Files";
			sourceTree = "<group>";
		};
		9C7C3F761B29596300D8F29B /* BasicFrame */ = {
			isa = PBXGroup;
			children = (
				9C7C3F921B295F2800D8F29B /* CommonUtility */,
				9C7C3F771B29596300D8F29B /* Constants */,
				9C7C3F7A1B29596300D8F29B /* GlobalData */,
				9C7C3F7B1B29596300D8F29B /* UICustomView */,
			);
			path = BasicFrame;
			sourceTree = "<group>";
		};
		9C7C3F771B29596300D8F29B /* Constants */ = {
			isa = PBXGroup;
			children = (
				9C7C3F781B29596300D8F29B /* JuPlusConstant.h */,
				9C7C3F791B29596300D8F29B /* JuPlusEnvironmentConfig.h */,
				9C7C3F901B295BD800D8F29B /* JuPlusReleaseConfig.h */,
				9C7C3F911B295CF000D8F29B /* JuPlusGlobalNSUserDefault.h */,
			);
			path = Constants;
			sourceTree = "<group>";
		};
		9C7C3F7A1B29596300D8F29B /* GlobalData */ = {
			isa = PBXGroup;
			children = (
			);
			path = GlobalData;
			sourceTree = "<group>";
		};
		9C7C3F7B1B29596300D8F29B /* UICustomView */ = {
			isa = PBXGroup;
			children = (
				9C7C3F7C1B29596300D8F29B /* NSString+JuPlisString.m */,
				9C7C3F7D1B29596300D8F29B /* NSString+JuPlusString.h */,
				9C7C3F7E1B29596300D8F29B /* UIColor+JuPlusColor.h */,
				9C7C3F7F1B29596300D8F29B /* UIColor+JuPlusColor.m */,
				9C7C3F801B29596300D8F29B /* UIImage+JuPlusUIImage.h */,
				9C7C3F811B29596300D8F29B /* UIImage+JuPlusUIImage.m */,
				9C7C3F821B29596300D8F29B /* UIView+JuPlusUIView.h */,
				9C7C3F831B29596300D8F29B /* UIView+JuPlusUIView.m */,
				9CABB3D61B329AE5006AD405 /* JuPlusCustomMethod.h */,
				9CABB3D71B329BD2006AD405 /* JuPlusUIView.h */,
				9CABB3D81B329BD2006AD405 /* JuPlusUIView.m */,
			);
			path = UICustomView;
			sourceTree = "<group>";
		};
		9C7C3F841B29596300D8F29B /* CustomizedView */ = {
			isa = PBXGroup;
			children = (
				9C5B249C1B2E7E3C0024C936 /* RefreshView */,
			);
			path = CustomizedView;
			sourceTree = "<group>";
		};
		9C7C3F861B29596300D8F29B /* Images */ = {
			isa = PBXGroup;
			children = (
				84D4D4011B3A862500674601 /* Version1 */,
				9C7C3FB21B29745500D8F29B /* icons_2.png */,
				9C7C3FB31B29745500D8F29B /* icons_3.png */,
				9C7C3FB41B29745500D8F29B /* icons_4.png */,
				9CABB3DA1B32A61F006AD405 /* 2.jpg */,
				84D4D4031B3A8A0500674601 /* Default@2x.png */,
				9C7C3FB51B29745500D8F29B /* icons_5.png */,
			);
			path = Images;
			sourceTree = "<group>";
		};
		9C7C3F891B29596300D8F29B /* ViewControllers */ = {
			isa = PBXGroup;
			children = (
				9C0017411B3D244A0018A9BF /* Detail */,
				9CABB3D21B32974F006AD405 /* views */,
				9C7C3FAE1B296DCC00D8F29B /* BaseControl */,
				9C7C3F8A1B29596300D8F29B /* HomePage */,
			);
			path = ViewControllers;
			sourceTree = "<group>";
		};
		9C7C3F8A1B29596300D8F29B /* HomePage */ = {
			isa = PBXGroup;
			children = (
				9C0017451B3D2B480018A9BF /* JuPlusDTO */,
				9C5863AC1B392F19008BB5AD /* CustomCells */,
				9C7C3F961B2961F000D8F29B /* GuideViewController.h */,
				9C7C3F971B2961F000D8F29B /* GuideViewController.m */,
				9C7C3FA21B296BFC00D8F29B /* DiscoveryViewController.h */,
				9C7C3FA31B296BFC00D8F29B /* DiscoveryViewController.m */,
				9C7C3FA51B296C5C00D8F29B /* CollocationViewController.h */,
				9C7C3FA61B296C5C00D8F29B /* CollocationViewController.m */,
				9C7C3FA81B296CAD00D8F29B /* ClassificationViewController.h */,
				9C7C3FA91B296CAD00D8F29B /* ClassificationViewController.m */,
				9C7C3FAB1B296CF400D8F29B /* MyAccountViewController.h */,
				9C7C3FAC1B296CF400D8F29B /* MyAccountViewController.m */,
				9CA2762F1B340525005D53BC /* HomeFurnishingViewController.h */,
				9CA276301B340525005D53BC /* HomeFurnishingViewController.m */,
				847C5EFD1B395B0D00706638 /* LoginViewController.h */,
				847C5EFE1B395B0D00706638 /* LoginViewController.m */,
			);
			path = HomePage;
			sourceTree = "<group>";
		};
		9C7C3F921B295F2800D8F29B /* CommonUtility */ = {
			isa = PBXGroup;
			children = (
				9C7C3F931B295F7100D8F29B /* CommonUtil.h */,
				9C7C3F941B295F7100D8F29B /* CommonUtil.m */,
			);
			path = CommonUtility;
			sourceTree = "<group>";
		};
		9C7C3FAE1B296DCC00D8F29B /* BaseControl */ = {
			isa = PBXGroup;
			children = (
				9C7C3F9C1B29646700D8F29B /* BaseViewController.h */,
				9C7C3F9D1B29646700D8F29B /* BaseViewController.m */,
				9C7C3F9F1B2966F200D8F29B /* JuPlusTabBarController.h */,
				9C7C3FA01B2966F200D8F29B /* JuPlusTabBarController.m */,
				9C7C3FAF1B296DFB00D8F29B /* JuPlusNavigationController.h */,
				9C7C3FB01B296DFB00D8F29B /* JuPlusNavigationController.m */,
			);
			path = BaseControl;
			sourceTree = "<group>";
		};
		9CABB3D21B32974F006AD405 /* views */ = {
			isa = PBXGroup;
			children = (
				9CABB3D31B329786006AD405 /* ClassifyView.h */,
				9CABB3D41B329786006AD405 /* ClassifyView.m */,
				9CABB3DC1B32A97A006AD405 /* HobbyItemBtn.h */,
				9CABB3DD1B32A97A006AD405 /* HobbyItemBtn.m */,
				9C5863B01B3931EA008BB5AD /* PortraitView.h */,
				9C5863B11B3931EA008BB5AD /* PortraitView.m */,
				9C5863E61B393EB9008BB5AD /* MarkedLabelView.h */,
				9C5863E71B393EB9008BB5AD /* MarkedLabelView.m */,
				847C5F001B395CE600706638 /* JuPlusTextField.h */,
				847C5F011B395CE600706638 /* JuPlusTextField.m */,
				9C00174F1B3D32A00018A9BF /* PriceView.h */,
				9C0017501B3D32A00018A9BF /* PriceView.m */,
			);
			path = views;
			sourceTree = "<group>";
		};
		E73E3BE362588C83AF8352D9 /* Frameworks */ = {
			isa = PBXGroup;
			children = (
				41B411C81AB0721482D2EC17 /* libPods.a */,
			);
			name = Frameworks;
			sourceTree = "<group>";
		};
/* End PBXGroup section */

/* Begin PBXNativeTarget section */
		9C7C3F4C1B2958F100D8F29B /* JuPlus */ = {
			isa = PBXNativeTarget;
			buildConfigurationList = 9C7C3F701B2958F100D8F29B /* Build configuration list for PBXNativeTarget "JuPlus" */;
			buildPhases = (
				B89FA128F442F3B36D014F07 /* Check Pods Manifest.lock */,
				9C7C3F491B2958F100D8F29B /* Sources */,
				9C7C3F4A1B2958F100D8F29B /* Frameworks */,
				9C7C3F4B1B2958F100D8F29B /* Resources */,
				1D8DD454FBA8DCB2BB77787C /* Copy Pods Resources */,
			);
			buildRules = (
			);
			dependencies = (
			);
			name = JuPlus;
			productName = JuPlus;
			productReference = 9C7C3F4D1B2958F100D8F29B /* JuPlus.app */;
			productType = "com.apple.product-type.application";
		};
		9C7C3F651B2958F100D8F29B /* JuPlusTests */ = {
			isa = PBXNativeTarget;
			buildConfigurationList = 9C7C3F731B2958F100D8F29B /* Build configuration list for PBXNativeTarget "JuPlusTests" */;
			buildPhases = (
				9C7C3F621B2958F100D8F29B /* Sources */,
				9C7C3F631B2958F100D8F29B /* Frameworks */,
				9C7C3F641B2958F100D8F29B /* Resources */,
			);
			buildRules = (
			);
			dependencies = (
				9C7C3F681B2958F100D8F29B /* PBXTargetDependency */,
			);
			name = JuPlusTests;
			productName = JuPlusTests;
			productReference = 9C7C3F661B2958F100D8F29B /* JuPlusTests.xctest */;
			productType = "com.apple.product-type.bundle.unit-test";
		};
/* End PBXNativeTarget section */

/* Begin PBXProject section */
		9C7C3F451B2958F100D8F29B /* Project object */ = {
			isa = PBXProject;
			attributes = {
				LastUpgradeCheck = 0620;
				ORGANIZATIONNAME = "居+";
				TargetAttributes = {
					9C7C3F4C1B2958F100D8F29B = {
						CreatedOnToolsVersion = 6.2;
						DevelopmentTeam = Q792YXFN33;
					};
					9C7C3F651B2958F100D8F29B = {
						CreatedOnToolsVersion = 6.2;
						TestTargetID = 9C7C3F4C1B2958F100D8F29B;
					};
				};
			};
			buildConfigurationList = 9C7C3F481B2958F100D8F29B /* Build configuration list for PBXProject "JuPlus" */;
			compatibilityVersion = "Xcode 3.2";
			developmentRegion = English;
			hasScannedForEncodings = 0;
			knownRegions = (
				en,
				Base,
			);
			mainGroup = 9C7C3F441B2958F100D8F29B;
			productRefGroup = 9C7C3F4E1B2958F100D8F29B /* Products */;
			projectDirPath = "";
			projectRoot = "";
			targets = (
				9C7C3F4C1B2958F100D8F29B /* JuPlus */,
				9C7C3F651B2958F100D8F29B /* JuPlusTests */,
			);
		};
/* End PBXProject section */

/* Begin PBXResourcesBuildPhase section */
		9C7C3F4B1B2958F100D8F29B /* Resources */ = {
			isa = PBXResourcesBuildPhase;
			buildActionMask = 2147483647;
			files = (
				84D4D4021B3A862500674601 /* Version1 in Resources */,
				9C7C3FB91B29745500D8F29B /* icons_5.png in Resources */,
				84D4D4251B3A90A000674601 /* Default-568h@2x.png in Resources */,
				9C7C3FB71B29745500D8F29B /* icons_3.png in Resources */,
				84D4D4041B3A8A0500674601 /* Default@2x.png in Resources */,
				9CABB3DB1B32A61F006AD405 /* 2.jpg in Resources */,
				9C7C3FB81B29745500D8F29B /* icons_4.png in Resources */,
				9C7C3F5E1B2958F100D8F29B /* Images.xcassets in Resources */,
				9C7C3FB61B29745500D8F29B /* icons_2.png in Resources */,
			);
			runOnlyForDeploymentPostprocessing = 0;
		};
		9C7C3F641B2958F100D8F29B /* Resources */ = {
			isa = PBXResourcesBuildPhase;
			buildActionMask = 2147483647;
			files = (
			);
			runOnlyForDeploymentPostprocessing = 0;
		};
/* End PBXResourcesBuildPhase section */

/* Begin PBXShellScriptBuildPhase section */
		1D8DD454FBA8DCB2BB77787C /* Copy Pods Resources */ = {
			isa = PBXShellScriptBuildPhase;
			buildActionMask = 2147483647;
			files = (
			);
			inputPaths = (
			);
			name = "Copy Pods Resources";
			outputPaths = (
			);
			runOnlyForDeploymentPostprocessing = 0;
			shellPath = /bin/sh;
			shellScript = "\"${SRCROOT}/Pods/Target Support Files/Pods/Pods-resources.sh\"\n";
			showEnvVarsInLog = 0;
		};
		B89FA128F442F3B36D014F07 /* Check Pods Manifest.lock */ = {
			isa = PBXShellScriptBuildPhase;
			buildActionMask = 2147483647;
			files = (
			);
			inputPaths = (
			);
			name = "Check Pods Manifest.lock";
			outputPaths = (
			);
			runOnlyForDeploymentPostprocessing = 0;
			shellPath = /bin/sh;
			shellScript = "diff \"${PODS_ROOT}/../Podfile.lock\" \"${PODS_ROOT}/Manifest.lock\" > /dev/null\nif [[ $? != 0 ]] ; then\n    cat << EOM\nerror: The sandbox is not in sync with the Podfile.lock. Run 'pod install' or update your CocoaPods installation.\nEOM\n    exit 1\nfi\n";
			showEnvVarsInLog = 0;
		};
/* End PBXShellScriptBuildPhase section */

/* Begin PBXSourcesBuildPhase section */
		9C7C3F491B2958F100D8F29B /* Sources */ = {
			isa = PBXSourcesBuildPhase;
			buildActionMask = 2147483647;
			files = (
				9C5863AF1B392F53008BB5AD /* PackageCell.m in Sources */,
				9C5863E81B393EB9008BB5AD /* MarkedLabelView.m in Sources */,
				9C5863DF1B3933C7008BB5AD /* UIButton+WebCache.m in Sources */,
				84D4D41F1B3A8E3400674601 /* ServerException.m in Sources */,
				847C5F021B395CE600706638 /* JuPlusTextField.m in Sources */,
				9C5863DD1B3933C7008BB5AD /* SDWebImageManager.m in Sources */,
				9C7C3FAA1B296CAD00D8F29B /* ClassificationViewController.m in Sources */,
				9C7C3F8F1B29596300D8F29B /* JuPlusAppDelegate.m in Sources */,
				9C7C3F9E1B29646700D8F29B /* BaseViewController.m in Sources */,
				9C5863DB1B3933C7008BB5AD /* SDWebImageDownloader.m in Sources */,
				9C7C3FA11B2966F200D8F29B /* JuPlusTabBarController.m in Sources */,
				9C5863D91B3933C7008BB5AD /* SDWebImageCompat.m in Sources */,
				9CABB3D51B329786006AD405 /* ClassifyView.m in Sources */,
				9CABB3D91B329BD2006AD405 /* JuPlusUIView.m in Sources */,
				9C5B24A41B2E7E4C0024C936 /* ScrollRefreshViewFooter.m in Sources */,
				9C0017511B3D32A00018A9BF /* PriceView.m in Sources */,
				9C5863E51B3933C7008BB5AD /* UIView+WebCacheOperation.m in Sources */,
				84D4D4231B3A8E3400674601 /* TimeoutException.m in Sources */,
				9C0017481B3D2B750018A9BF /* HomePageInfoDTO.m in Sources */,
				9C7C3FA41B296BFC00D8F29B /* DiscoveryViewController.m in Sources */,
				9C7C3F8E1B29596300D8F29B /* UIView+JuPlusUIView.m in Sources */,
				9C5863E41B3933C7008BB5AD /* UIImageView+WebCache.m in Sources */,
				84D4D43E1B3AAE2000674601 /* ClassifyLabelsRequest.m in Sources */,
				9C5863E21B3933C7008BB5AD /* UIImage+WebP.m in Sources */,
				9C5863D81B3933C7008BB5AD /* SDImageCache.m in Sources */,
				9C7C3F8B1B29596300D8F29B /* NSString+JuPlisString.m in Sources */,
				9C5863E11B3933C7008BB5AD /* UIImage+MultiFormat.m in Sources */,
				9C5863DC1B3933C7008BB5AD /* SDWebImageDownloaderOperation.m in Sources */,
				9C0017441B3D247D0018A9BF /* SingleDetialViewController.m in Sources */,
				9C5B24A31B2E7E4C0024C936 /* ScrollRefreshView.m in Sources */,
				9C5863E31B3933C7008BB5AD /* UIImageView+HighlightedWebCache.m in Sources */,
				9C7C3F8D1B29596300D8F29B /* UIImage+JuPlusUIImage.m in Sources */,
				9CA276311B340525005D53BC /* HomeFurnishingViewController.m in Sources */,
				9C7C3F8C1B29596300D8F29B /* UIColor+JuPlusColor.m in Sources */,
				84D4D4211B3A8E3400674601 /* UnPackException.m in Sources */,
				9C5B24A51B2E7E4C0024C936 /* ScrollRefreshViewHead.m in Sources */,
				84D4D43B1B3A9FCA00674601 /* JuPlusRequest.m in Sources */,
				9C5863D71B3933C7008BB5AD /* NSData+ImageContentType.m in Sources */,
				9C7C3F951B295F7100D8F29B /* CommonUtil.m in Sources */,
				9C5863B21B3931EA008BB5AD /* PortraitView.m in Sources */,
				9C7C3FA71B296C5C00D8F29B /* CollocationViewController.m in Sources */,
				847C5EFF1B395B0D00706638 /* LoginViewController.m in Sources */,
				9C5863DA1B3933C7008BB5AD /* SDWebImageDecoder.m in Sources */,
				9C7C3F531B2958F100D8F29B /* main.m in Sources */,
				9CABB3DE1B32A97A006AD405 /* HobbyItemBtn.m in Sources */,
				9C00174B1B3D2C840018A9BF /* LabelDTO.m in Sources */,
				84D4D4221B3A8E3400674601 /* PackException.m in Sources */,
				9C7C3F981B2961F000D8F29B /* GuideViewController.m in Sources */,
				9C7C3FB11B296DFB00D8F29B /* JuPlusNavigationController.m in Sources */,
				84D4D4201B3A8E3400674601 /* NetException.m in Sources */,
				9C5863DE1B3933C7008BB5AD /* SDWebImagePrefetcher.m in Sources */,
				9C5863D61B3933C7008BB5AD /* MKAnnotationView+WebCache.m in Sources */,
				9C5863E01B3933C7008BB5AD /* UIImage+GIF.m in Sources */,
				9C00174E1B3D2EAC0018A9BF /* BaseDTO.m in Sources */,
				9C7C3FAD1B296CF400D8F29B /* MyAccountViewController.m in Sources */,
			);
			runOnlyForDeploymentPostprocessing = 0;
		};
		9C7C3F621B2958F100D8F29B /* Sources */ = {
			isa = PBXSourcesBuildPhase;
			buildActionMask = 2147483647;
			files = (
				9C7C3F6D1B2958F100D8F29B /* JuPlusTests.m in Sources */,
			);
			runOnlyForDeploymentPostprocessing = 0;
		};
/* End PBXSourcesBuildPhase section */

/* Begin PBXTargetDependency section */
		9C7C3F681B2958F100D8F29B /* PBXTargetDependency */ = {
			isa = PBXTargetDependency;
			target = 9C7C3F4C1B2958F100D8F29B /* JuPlus */;
			targetProxy = 9C7C3F671B2958F100D8F29B /* PBXContainerItemProxy */;
		};
/* End PBXTargetDependency section */

/* Begin XCBuildConfiguration section */
		9C7C3F6E1B2958F100D8F29B /* Debug */ = {
			isa = XCBuildConfiguration;
			buildSettings = {
				ALWAYS_SEARCH_USER_PATHS = NO;
				CLANG_CXX_LANGUAGE_STANDARD = "gnu++0x";
				CLANG_CXX_LIBRARY = "libc++";
				CLANG_ENABLE_MODULES = YES;
				CLANG_ENABLE_OBJC_ARC = YES;
				CLANG_WARN_BOOL_CONVERSION = YES;
				CLANG_WARN_CONSTANT_CONVERSION = YES;
				CLANG_WARN_DIRECT_OBJC_ISA_USAGE = YES_ERROR;
				CLANG_WARN_EMPTY_BODY = YES;
				CLANG_WARN_ENUM_CONVERSION = YES;
				CLANG_WARN_INT_CONVERSION = YES;
				CLANG_WARN_OBJC_ROOT_CLASS = YES_ERROR;
				CLANG_WARN_UNREACHABLE_CODE = YES;
				CLANG_WARN__DUPLICATE_METHOD_MATCH = YES;
				"CODE_SIGN_IDENTITY[sdk=iphoneos*]" = "iPhone Developer";
				COPY_PHASE_STRIP = NO;
				ENABLE_STRICT_OBJC_MSGSEND = YES;
				GCC_C_LANGUAGE_STANDARD = gnu99;
				GCC_DYNAMIC_NO_PIC = NO;
				GCC_INCREASE_PRECOMPILED_HEADER_SHARING = YES;
				GCC_OPTIMIZATION_LEVEL = 0;
				GCC_PRECOMPILE_PREFIX_HEADER = YES;
				GCC_PREFIX_HEADER = "$(SRCROOT)/JuPlus/JuPlus-Prefix.pch";
				GCC_PREPROCESSOR_DEFINITIONS = (
					"DEBUG=1",
					"$(inherited)",
				);
				GCC_SYMBOLS_PRIVATE_EXTERN = NO;
				GCC_WARN_64_TO_32_BIT_CONVERSION = YES;
				GCC_WARN_ABOUT_RETURN_TYPE = YES_ERROR;
				GCC_WARN_UNDECLARED_SELECTOR = YES;
				GCC_WARN_UNINITIALIZED_AUTOS = YES_AGGRESSIVE;
				GCC_WARN_UNUSED_FUNCTION = YES;
				GCC_WARN_UNUSED_VARIABLE = YES;
				IPHONEOS_DEPLOYMENT_TARGET = 7.0;
				MTL_ENABLE_DEBUG_INFO = YES;
				ONLY_ACTIVE_ARCH = YES;
				SDKROOT = iphoneos;
			};
			name = Debug;
		};
		9C7C3F6F1B2958F100D8F29B /* Release */ = {
			isa = XCBuildConfiguration;
			buildSettings = {
				ALWAYS_SEARCH_USER_PATHS = NO;
				CLANG_CXX_LANGUAGE_STANDARD = "gnu++0x";
				CLANG_CXX_LIBRARY = "libc++";
				CLANG_ENABLE_MODULES = YES;
				CLANG_ENABLE_OBJC_ARC = YES;
				CLANG_WARN_BOOL_CONVERSION = YES;
				CLANG_WARN_CONSTANT_CONVERSION = YES;
				CLANG_WARN_DIRECT_OBJC_ISA_USAGE = YES_ERROR;
				CLANG_WARN_EMPTY_BODY = YES;
				CLANG_WARN_ENUM_CONVERSION = YES;
				CLANG_WARN_INT_CONVERSION = YES;
				CLANG_WARN_OBJC_ROOT_CLASS = YES_ERROR;
				CLANG_WARN_UNREACHABLE_CODE = YES;
				CLANG_WARN__DUPLICATE_METHOD_MATCH = YES;
				"CODE_SIGN_IDENTITY[sdk=iphoneos*]" = "iPhone Developer";
				COPY_PHASE_STRIP = NO;
				ENABLE_NS_ASSERTIONS = NO;
				ENABLE_STRICT_OBJC_MSGSEND = YES;
				GCC_C_LANGUAGE_STANDARD = gnu99;
				GCC_INCREASE_PRECOMPILED_HEADER_SHARING = YES;
				GCC_PRECOMPILE_PREFIX_HEADER = YES;
				GCC_PREFIX_HEADER = "$(SRCROOT)/JuPlus/JuPlus-Prefix.pch";
				GCC_WARN_64_TO_32_BIT_CONVERSION = YES;
				GCC_WARN_ABOUT_RETURN_TYPE = YES_ERROR;
				GCC_WARN_UNDECLARED_SELECTOR = YES;
				GCC_WARN_UNINITIALIZED_AUTOS = YES_AGGRESSIVE;
				GCC_WARN_UNUSED_FUNCTION = YES;
				GCC_WARN_UNUSED_VARIABLE = YES;
				IPHONEOS_DEPLOYMENT_TARGET = 7.0;
				MTL_ENABLE_DEBUG_INFO = NO;
				SDKROOT = iphoneos;
				VALIDATE_PRODUCT = YES;
			};
			name = Release;
		};
		9C7C3F711B2958F100D8F29B /* Debug */ = {
			isa = XCBuildConfiguration;
			baseConfigurationReference = E62F0845A09F94CB285CAC40 /* Pods.debug.xcconfig */;
			buildSettings = {
				ASSETCATALOG_COMPILER_APPICON_NAME = AppIcon;
				GCC_PREFIX_HEADER = "$(SRCROOT)/JuPlus";
				INFOPLIST_FILE = JuPlus/Info.plist;
				IPHONEOS_DEPLOYMENT_TARGET = 7.0;
				LD_RUNPATH_SEARCH_PATHS = "$(inherited) @executable_path/Frameworks";
				PRODUCT_NAME = "$(TARGET_NAME)";
			};
			name = Debug;
		};
		9C7C3F721B2958F100D8F29B /* Release */ = {
			isa = XCBuildConfiguration;
			baseConfigurationReference = D7C5DA73B5B9477AD5A090BD /* Pods.release.xcconfig */;
			buildSettings = {
				ASSETCATALOG_COMPILER_APPICON_NAME = AppIcon;
				GCC_PREFIX_HEADER = "$(SRCROOT)/JuPlus";
				INFOPLIST_FILE = JuPlus/Info.plist;
				IPHONEOS_DEPLOYMENT_TARGET = 7.0;
				LD_RUNPATH_SEARCH_PATHS = "$(inherited) @executable_path/Frameworks";
				PRODUCT_NAME = "$(TARGET_NAME)";
			};
			name = Release;
		};
		9C7C3F741B2958F100D8F29B /* Debug */ = {
			isa = XCBuildConfiguration;
			buildSettings = {
				BUNDLE_LOADER = "$(TEST_HOST)";
				FRAMEWORK_SEARCH_PATHS = (
					"$(SDKROOT)/Developer/Library/Frameworks",
					"$(inherited)",
				);
				GCC_PREPROCESSOR_DEFINITIONS = (
					"DEBUG=1",
					"$(inherited)",
				);
				INFOPLIST_FILE = JuPlusTests/Info.plist;
				LD_RUNPATH_SEARCH_PATHS = "$(inherited) @executable_path/Frameworks @loader_path/Frameworks";
				PRODUCT_NAME = "$(TARGET_NAME)";
				TEST_HOST = "$(BUILT_PRODUCTS_DIR)/JuPlus.app/JuPlus";
			};
			name = Debug;
		};
		9C7C3F751B2958F100D8F29B /* Release */ = {
			isa = XCBuildConfiguration;
			buildSettings = {
				BUNDLE_LOADER = "$(TEST_HOST)";
				FRAMEWORK_SEARCH_PATHS = (
					"$(SDKROOT)/Developer/Library/Frameworks",
					"$(inherited)",
				);
				INFOPLIST_FILE = JuPlusTests/Info.plist;
				LD_RUNPATH_SEARCH_PATHS = "$(inherited) @executable_path/Frameworks @loader_path/Frameworks";
				PRODUCT_NAME = "$(TARGET_NAME)";
				TEST_HOST = "$(BUILT_PRODUCTS_DIR)/JuPlus.app/JuPlus";
			};
			name = Release;
		};
/* End XCBuildConfiguration section */

/* Begin XCConfigurationList section */
		9C7C3F481B2958F100D8F29B /* Build configuration list for PBXProject "JuPlus" */ = {
			isa = XCConfigurationList;
			buildConfigurations = (
				9C7C3F6E1B2958F100D8F29B /* Debug */,
				9C7C3F6F1B2958F100D8F29B /* Release */,
			);
			defaultConfigurationIsVisible = 0;
			defaultConfigurationName = Release;
		};
		9C7C3F701B2958F100D8F29B /* Build configuration list for PBXNativeTarget "JuPlus" */ = {
			isa = XCConfigurationList;
			buildConfigurations = (
				9C7C3F711B2958F100D8F29B /* Debug */,
				9C7C3F721B2958F100D8F29B /* Release */,
			);
			defaultConfigurationIsVisible = 0;
			defaultConfigurationName = Release;
		};
		9C7C3F731B2958F100D8F29B /* Build configuration list for PBXNativeTarget "JuPlusTests" */ = {
			isa = XCConfigurationList;
			buildConfigurations = (
				9C7C3F741B2958F100D8F29B /* Debug */,
				9C7C3F751B2958F100D8F29B /* Release */,
			);
			defaultConfigurationIsVisible = 0;
			defaultConfigurationName = Release;
		};
/* End XCConfigurationList section */
	};
	rootObject = 9C7C3F451B2958F100D8F29B /* Project object */;
}
