// !$*UTF8*$!
{
	archiveVersion = 1;
	classes = {
	};
	objectVersion = 46;
	objects = {

/* Begin PBXBuildFile section */
		847C5EFF1B395B0D00706638 /* LoginViewController.m in Sources */ = {isa = PBXBuildFile; fileRef = 847C5EFE1B395B0D00706638 /* LoginViewController.m */; };
		847C5F021B395CE600706638 /* JuPlusTextField.m in Sources */ = {isa = PBXBuildFile; fileRef = 847C5F011B395CE600706638 /* JuPlusTextField.m */; };
		84829F731B4259BB001D807F /* ClassifyTagsDTO.m in Sources */ = {isa = PBXBuildFile; fileRef = 84829F721B4259BB001D807F /* ClassifyTagsDTO.m */; };
		84829F761B426D74001D807F /* SingleDetailDTO.m in Sources */ = {isa = PBXBuildFile; fileRef = 84829F751B426D74001D807F /* SingleDetailDTO.m */; };
		84829F7F1B4274B7001D807F /* RegisterViewController.m in Sources */ = {isa = PBXBuildFile; fileRef = 84829F7E1B4274B7001D807F /* RegisterViewController.m */; };
		84829F821B427887001D807F /* TimerButton.m in Sources */ = {isa = PBXBuildFile; fileRef = 84829F811B427887001D807F /* TimerButton.m */; };
		84829F8C1B4281E8001D807F /* LFCGzipUtillity.m in Sources */ = {isa = PBXBuildFile; fileRef = 84829F8B1B4281E8001D807F /* LFCGzipUtillity.m */; };
		84829F8F1B428259001D807F /* SecurityUtil.m in Sources */ = {isa = PBXBuildFile; fileRef = 84829F8E1B428259001D807F /* SecurityUtil.m */; };
		84829F951B428376001D807F /* Des.c in Sources */ = {isa = PBXBuildFile; fileRef = 84829F911B428376001D807F /* Des.c */; };
		84829F961B428376001D807F /* NSData+HMAC.m in Sources */ = {isa = PBXBuildFile; fileRef = 84829F941B428376001D807F /* NSData+HMAC.m */; };
		84829FB21B42839A001D807F /* bignum.c in Sources */ = {isa = PBXBuildFile; fileRef = 84829F981B42839A001D807F /* bignum.c */; };
		84829FB31B42839A001D807F /* main.c in Sources */ = {isa = PBXBuildFile; fileRef = 84829F991B42839A001D807F /* main.c */; };
		84829FB41B42839A001D807F /* md.c in Sources */ = {isa = PBXBuildFile; fileRef = 84829F9A1B42839A001D807F /* md.c */; };
		84829FB51B42839A001D807F /* md2.c in Sources */ = {isa = PBXBuildFile; fileRef = 84829F9B1B42839A001D807F /* md2.c */; };
		84829FB61B42839A001D807F /* md4.c in Sources */ = {isa = PBXBuildFile; fileRef = 84829F9C1B42839A001D807F /* md4.c */; };
		84829FB71B42839A001D807F /* md5.c in Sources */ = {isa = PBXBuildFile; fileRef = 84829F9D1B42839A001D807F /* md5.c */; };
		84829FB81B42839A001D807F /* md_wrap.c in Sources */ = {isa = PBXBuildFile; fileRef = 84829F9E1B42839A001D807F /* md_wrap.c */; };
		84829FB91B42839A001D807F /* my_rsa.c in Sources */ = {isa = PBXBuildFile; fileRef = 84829F9F1B42839A001D807F /* my_rsa.c */; };
		84829FBA1B42839A001D807F /* rsa.c in Sources */ = {isa = PBXBuildFile; fileRef = 84829FAE1B42839A001D807F /* rsa.c */; };
		84829FBB1B42839A001D807F /* sha1.c in Sources */ = {isa = PBXBuildFile; fileRef = 84829FAF1B42839A001D807F /* sha1.c */; };
		84829FBC1B42839A001D807F /* sha2.c in Sources */ = {isa = PBXBuildFile; fileRef = 84829FB01B42839A001D807F /* sha2.c */; };
		84829FBD1B42839A001D807F /* sha4.c in Sources */ = {isa = PBXBuildFile; fileRef = 84829FB11B42839A001D807F /* sha4.c */; };
		84829FBF1B428508001D807F /* libz.1.2.5.dylib in Frameworks */ = {isa = PBXBuildFile; fileRef = 84829FBE1B428508001D807F /* libz.1.2.5.dylib */; };
		8495ED261B414F7D004A0C41 /* SCGIFImageView.m in Sources */ = {isa = PBXBuildFile; fileRef = 8495ED231B414F7D004A0C41 /* SCGIFImageView.m */; settings = {COMPILER_FLAGS = "-fno-objc-arc"; }; };
		8495ED271B414F7D004A0C41 /* AutoyolProgressView.m in Sources */ = {isa = PBXBuildFile; fileRef = 8495ED251B414F7D004A0C41 /* AutoyolProgressView.m */; };
		8495ED2D1B4165E6004A0C41 /* RTLabel.m in Sources */ = {isa = PBXBuildFile; fileRef = 8495ED2C1B4165E6004A0C41 /* RTLabel.m */; };
		84B9AD061B44DAA3006CF63F /* CollocationReq.m in Sources */ = {isa = PBXBuildFile; fileRef = 84B9AD051B44DAA3006CF63F /* CollocationReq.m */; };
		84B9AD091B44DC21006CF63F /* CollectionRespon.m in Sources */ = {isa = PBXBuildFile; fileRef = 84B9AD081B44DC21006CF63F /* CollectionRespon.m */; };
		84B9AD0C1B44E1E7006CF63F /* HomePageInfoDTO.m in Sources */ = {isa = PBXBuildFile; fileRef = 84B9AD0B1B44E1E7006CF63F /* HomePageInfoDTO.m */; };
		84B9AD121B4534D5006CF63F /* UIButton+JuPlusUIButton.m in Sources */ = {isa = PBXBuildFile; fileRef = 84B9AD111B4534D5006CF63F /* UIButton+JuPlusUIButton.m */; };
		84B9AD181B453E61006CF63F /* checkmark.gif in Resources */ = {isa = PBXBuildFile; fileRef = 84B9AD151B453E61006CF63F /* checkmark.gif */; };
		84B9AD191B453E61006CF63F /* logo_01.png in Resources */ = {isa = PBXBuildFile; fileRef = 84B9AD161B453E61006CF63F /* logo_01.png */; };
		84B9AD1A1B453E61006CF63F /* logo_02.png in Resources */ = {isa = PBXBuildFile; fileRef = 84B9AD171B453E61006CF63F /* logo_02.png */; };
		84CC24D81B43BE6300BE342E /* JuPlusUILabel.m in Sources */ = {isa = PBXBuildFile; fileRef = 84CC24D71B43BE6300BE342E /* JuPlusUILabel.m */; };
		84CC24DE1B43C04F00BE342E /* UIImageView+JuPlusUIImageView.m in Sources */ = {isa = PBXBuildFile; fileRef = 84CC24DD1B43C04F00BE342E /* UIImageView+JuPlusUIImageView.m */; };
		84CC25021B43CA0100BE342E /* AFNetWorkClient.m in Sources */ = {isa = PBXBuildFile; fileRef = 84CC24E21B43CA0100BE342E /* AFNetWorkClient.m */; };
		84CC25031B43CA0100BE342E /* NetException.m in Sources */ = {isa = PBXBuildFile; fileRef = 84CC24E51B43CA0100BE342E /* NetException.m */; settings = {COMPILER_FLAGS = "-fno-objc-arc"; }; };
		84CC25041B43CA0100BE342E /* PackException.m in Sources */ = {isa = PBXBuildFile; fileRef = 84CC24E71B43CA0100BE342E /* PackException.m */; settings = {COMPILER_FLAGS = "-fno-objc-arc"; }; };
		84CC25051B43CA0100BE342E /* ServerException.m in Sources */ = {isa = PBXBuildFile; fileRef = 84CC24E91B43CA0100BE342E /* ServerException.m */; settings = {COMPILER_FLAGS = "-fno-objc-arc"; }; };
		84CC25061B43CA0100BE342E /* TimeoutException.m in Sources */ = {isa = PBXBuildFile; fileRef = 84CC24EB1B43CA0100BE342E /* TimeoutException.m */; settings = {COMPILER_FLAGS = "-fno-objc-arc"; }; };
		84CC25071B43CA0100BE342E /* UnPackException.m in Sources */ = {isa = PBXBuildFile; fileRef = 84CC24ED1B43CA0100BE342E /* UnPackException.m */; settings = {COMPILER_FLAGS = "-fno-objc-arc"; }; };
		84CC25081B43CA0100BE342E /* HttpCommunication.m in Sources */ = {isa = PBXBuildFile; fileRef = 84CC24EF1B43CA0100BE342E /* HttpCommunication.m */; };
		84CC25091B43CA0100BE342E /* ClassifyLabelsRequest.m in Sources */ = {isa = PBXBuildFile; fileRef = 84CC24F21B43CA0100BE342E /* ClassifyLabelsRequest.m */; };
		84CC250A1B43CA0100BE342E /* JuPlusRequest.m in Sources */ = {isa = PBXBuildFile; fileRef = 84CC24F41B43CA0100BE342E /* JuPlusRequest.m */; };
		84CC250B1B43CA0100BE342E /* VerificationReq.m in Sources */ = {isa = PBXBuildFile; fileRef = 84CC24F61B43CA0100BE342E /* VerificationReq.m */; };
		84CC250C1B43CA0100BE342E /* SingleDetailReq.m in Sources */ = {isa = PBXBuildFile; fileRef = 84CC24F81B43CA0100BE342E /* SingleDetailReq.m */; };
		84CC250D1B43CA0100BE342E /* ClassifyRespon.m in Sources */ = {isa = PBXBuildFile; fileRef = 84CC24FB1B43CA0100BE342E /* ClassifyRespon.m */; };
		84CC250E1B43CA0100BE342E /* JuPlusResponse.m in Sources */ = {isa = PBXBuildFile; fileRef = 84CC24FD1B43CA0100BE342E /* JuPlusResponse.m */; };
		84CC250F1B43CA0100BE342E /* RegisterRespon.m in Sources */ = {isa = PBXBuildFile; fileRef = 84CC24FF1B43CA0100BE342E /* RegisterRespon.m */; };
		84CC25101B43CA0100BE342E /* SingleDetailRespon.m in Sources */ = {isa = PBXBuildFile; fileRef = 84CC25011B43CA0100BE342E /* SingleDetailRespon.m */; };
		84CC25131B43CC6400BE342E /* RegisterRequest.m in Sources */ = {isa = PBXBuildFile; fileRef = 84CC25121B43CC6400BE342E /* RegisterRequest.m */; };
		84CC25191B43EBA400BE342E /* KeyBoardTopBar.m in Sources */ = {isa = PBXBuildFile; fileRef = 84CC25181B43EBA400BE342E /* KeyBoardTopBar.m */; settings = {COMPILER_FLAGS = "-fno-objc-arc"; }; };
		84CE18561B4628A400B103F4 /* gd_1.jpg in Resources */ = {isa = PBXBuildFile; fileRef = 84CE18531B4628A400B103F4 /* gd_1.jpg */; };
		84CE18571B4628A400B103F4 /* gd_2.jpg in Resources */ = {isa = PBXBuildFile; fileRef = 84CE18541B4628A400B103F4 /* gd_2.jpg */; };
		84CE18581B4628A400B103F4 /* logo@2x.png in Resources */ = {isa = PBXBuildFile; fileRef = 84CE18551B4628A400B103F4 /* logo@2x.png */; };
		84CE185A1B462F5A00B103F4 /* back@2x.png in Resources */ = {isa = PBXBuildFile; fileRef = 84CE18591B462F5A00B103F4 /* back@2x.png */; };
		84CE185D1B463F3E00B103F4 /* productView.m in Sources */ = {isa = PBXBuildFile; fileRef = 84CE185C1B463F3E00B103F4 /* productView.m */; };
		84CE18601B46413900B103F4 /* CountView.m in Sources */ = {isa = PBXBuildFile; fileRef = 84CE185F1B46413900B103F4 /* CountView.m */; };
		84CE18621B46623A00B103F4 /* countNum@2x.png in Resources */ = {isa = PBXBuildFile; fileRef = 84CE18611B46623A00B103F4 /* countNum@2x.png */; };
		84CE18651B46732A00B103F4 /* LoginReq.m in Sources */ = {isa = PBXBuildFile; fileRef = 84CE18641B46732A00B103F4 /* LoginReq.m */; };
		84CE18681B46735000B103F4 /* LoginRespon.m in Sources */ = {isa = PBXBuildFile; fileRef = 84CE18671B46735000B103F4 /* LoginRespon.m */; };
		84D4D4251B3A90A000674601 /* Default-568h@2x.png in Resources */ = {isa = PBXBuildFile; fileRef = 84D4D4241B3A90A000674601 /* Default-568h@2x.png */; };
		84E80D5D1B40E20D006D9804 /* PlaceOrderViewController.m in Sources */ = {isa = PBXBuildFile; fileRef = 84E80D5C1B40E20D006D9804 /* PlaceOrderViewController.m */; };
		87B140312DACAD6FB0419571 /* libPods.a in Frameworks */ = {isa = PBXBuildFile; fileRef = 5BAD414BFA828A27F0636609 /* libPods.a */; };
		9C0017441B3D247D0018A9BF /* SingleDetialViewController.m in Sources */ = {isa = PBXBuildFile; fileRef = 9C0017431B3D247D0018A9BF /* SingleDetialViewController.m */; };
		9C00174B1B3D2C840018A9BF /* LabelDTO.m in Sources */ = {isa = PBXBuildFile; fileRef = 9C00174A1B3D2C840018A9BF /* LabelDTO.m */; };
		9C00174E1B3D2EAC0018A9BF /* BaseDTO.m in Sources */ = {isa = PBXBuildFile; fileRef = 9C00174D1B3D2EAC0018A9BF /* BaseDTO.m */; };
		9C0017511B3D32A00018A9BF /* PriceView.m in Sources */ = {isa = PBXBuildFile; fileRef = 9C0017501B3D32A00018A9BF /* PriceView.m */; };
		9C5863AF1B392F53008BB5AD /* PackageCell.m in Sources */ = {isa = PBXBuildFile; fileRef = 9C5863AE1B392F53008BB5AD /* PackageCell.m */; };
		9C5863B21B3931EA008BB5AD /* PortraitView.m in Sources */ = {isa = PBXBuildFile; fileRef = 9C5863B11B3931EA008BB5AD /* PortraitView.m */; };
		9C5863E81B393EB9008BB5AD /* MarkedLabelView.m in Sources */ = {isa = PBXBuildFile; fileRef = 9C5863E71B393EB9008BB5AD /* MarkedLabelView.m */; };
		9C7C3F531B2958F100D8F29B /* main.m in Sources */ = {isa = PBXBuildFile; fileRef = 9C7C3F521B2958F100D8F29B /* main.m */; };
		9C7C3F5E1B2958F100D8F29B /* Images.xcassets in Resources */ = {isa = PBXBuildFile; fileRef = 9C7C3F5D1B2958F100D8F29B /* Images.xcassets */; };
		9C7C3F6D1B2958F100D8F29B /* JuPlusTests.m in Sources */ = {isa = PBXBuildFile; fileRef = 9C7C3F6C1B2958F100D8F29B /* JuPlusTests.m */; };
		9C7C3F8B1B29596300D8F29B /* NSString+JuPlisString.m in Sources */ = {isa = PBXBuildFile; fileRef = 9C7C3F7C1B29596300D8F29B /* NSString+JuPlisString.m */; };
		9C7C3F8C1B29596300D8F29B /* UIColor+JuPlusColor.m in Sources */ = {isa = PBXBuildFile; fileRef = 9C7C3F7F1B29596300D8F29B /* UIColor+JuPlusColor.m */; };
		9C7C3F8D1B29596300D8F29B /* UIImage+JuPlusUIImage.m in Sources */ = {isa = PBXBuildFile; fileRef = 9C7C3F811B29596300D8F29B /* UIImage+JuPlusUIImage.m */; };
		9C7C3F8E1B29596300D8F29B /* UIView+JuPlusUIView.m in Sources */ = {isa = PBXBuildFile; fileRef = 9C7C3F831B29596300D8F29B /* UIView+JuPlusUIView.m */; };
		9C7C3F8F1B29596300D8F29B /* JuPlusAppDelegate.m in Sources */ = {isa = PBXBuildFile; fileRef = 9C7C3F881B29596300D8F29B /* JuPlusAppDelegate.m */; };
		9C7C3F951B295F7100D8F29B /* CommonUtil.m in Sources */ = {isa = PBXBuildFile; fileRef = 9C7C3F941B295F7100D8F29B /* CommonUtil.m */; };
		9C7C3F981B2961F000D8F29B /* GuideViewController.m in Sources */ = {isa = PBXBuildFile; fileRef = 9C7C3F971B2961F000D8F29B /* GuideViewController.m */; };
		9C7C3F9E1B29646700D8F29B /* BaseViewController.m in Sources */ = {isa = PBXBuildFile; fileRef = 9C7C3F9D1B29646700D8F29B /* BaseViewController.m */; };
		9C7C3FA11B2966F200D8F29B /* JuPlusTabBarController.m in Sources */ = {isa = PBXBuildFile; fileRef = 9C7C3FA01B2966F200D8F29B /* JuPlusTabBarController.m */; };
		9C7C3FA41B296BFC00D8F29B /* DiscoveryViewController.m in Sources */ = {isa = PBXBuildFile; fileRef = 9C7C3FA31B296BFC00D8F29B /* DiscoveryViewController.m */; };
		9C7C3FA71B296C5C00D8F29B /* CollocationViewController.m in Sources */ = {isa = PBXBuildFile; fileRef = 9C7C3FA61B296C5C00D8F29B /* CollocationViewController.m */; };
		9C7C3FAA1B296CAD00D8F29B /* ClassificationViewController.m in Sources */ = {isa = PBXBuildFile; fileRef = 9C7C3FA91B296CAD00D8F29B /* ClassificationViewController.m */; };
		9C7C3FAD1B296CF400D8F29B /* MyAccountViewController.m in Sources */ = {isa = PBXBuildFile; fileRef = 9C7C3FAC1B296CF400D8F29B /* MyAccountViewController.m */; };
		9C7C3FB11B296DFB00D8F29B /* JuPlusNavigationController.m in Sources */ = {isa = PBXBuildFile; fileRef = 9C7C3FB01B296DFB00D8F29B /* JuPlusNavigationController.m */; };
		9CA276311B340525005D53BC /* HomeFurnishingViewController.m in Sources */ = {isa = PBXBuildFile; fileRef = 9CA276301B340525005D53BC /* HomeFurnishingViewController.m */; };
		9CABB3D51B329786006AD405 /* ClassifyView.m in Sources */ = {isa = PBXBuildFile; fileRef = 9CABB3D41B329786006AD405 /* ClassifyView.m */; };
		9CABB3D91B329BD2006AD405 /* JuPlusUIView.m in Sources */ = {isa = PBXBuildFile; fileRef = 9CABB3D81B329BD2006AD405 /* JuPlusUIView.m */; };
		9CABB3DE1B32A97A006AD405 /* HobbyItemBtn.m in Sources */ = {isa = PBXBuildFile; fileRef = 9CABB3DD1B32A97A006AD405 /* HobbyItemBtn.m */; };
/* End PBXBuildFile section */

/* Begin PBXContainerItemProxy section */
		9C7C3F671B2958F100D8F29B /* PBXContainerItemProxy */ = {
			isa = PBXContainerItemProxy;
			containerPortal = 9C7C3F451B2958F100D8F29B /* Project object */;
			proxyType = 1;
			remoteGlobalIDString = 9C7C3F4C1B2958F100D8F29B;
			remoteInfo = JuPlus;
		};
/* End PBXContainerItemProxy section */

/* Begin PBXFileReference section */
		5BAD414BFA828A27F0636609 /* libPods.a */ = {isa = PBXFileReference; explicitFileType = archive.ar; includeInIndex = 0; path = libPods.a; sourceTree = BUILT_PRODUCTS_DIR; };
		847C5EFD1B395B0D00706638 /* LoginViewController.h */ = {isa = PBXFileReference; fileEncoding = 4; lastKnownFileType = sourcecode.c.h; path = LoginViewController.h; sourceTree = "<group>"; };
		847C5EFE1B395B0D00706638 /* LoginViewController.m */ = {isa = PBXFileReference; fileEncoding = 4; lastKnownFileType = sourcecode.c.objc; path = LoginViewController.m; sourceTree = "<group>"; };
		847C5F001B395CE600706638 /* JuPlusTextField.h */ = {isa = PBXFileReference; fileEncoding = 4; lastKnownFileType = sourcecode.c.h; path = JuPlusTextField.h; sourceTree = "<group>"; };
		847C5F011B395CE600706638 /* JuPlusTextField.m */ = {isa = PBXFileReference; fileEncoding = 4; lastKnownFileType = sourcecode.c.objc; path = JuPlusTextField.m; sourceTree = "<group>"; };
		84829F711B4259BB001D807F /* ClassifyTagsDTO.h */ = {isa = PBXFileReference; fileEncoding = 4; lastKnownFileType = sourcecode.c.h; path = ClassifyTagsDTO.h; sourceTree = "<group>"; };
		84829F721B4259BB001D807F /* ClassifyTagsDTO.m */ = {isa = PBXFileReference; fileEncoding = 4; lastKnownFileType = sourcecode.c.objc; path = ClassifyTagsDTO.m; sourceTree = "<group>"; };
		84829F741B426D74001D807F /* SingleDetailDTO.h */ = {isa = PBXFileReference; fileEncoding = 4; lastKnownFileType = sourcecode.c.h; path = SingleDetailDTO.h; sourceTree = "<group>"; };
		84829F751B426D74001D807F /* SingleDetailDTO.m */ = {isa = PBXFileReference; fileEncoding = 4; lastKnownFileType = sourcecode.c.objc; path = SingleDetailDTO.m; sourceTree = "<group>"; };
		84829F7D1B4274B7001D807F /* RegisterViewController.h */ = {isa = PBXFileReference; fileEncoding = 4; lastKnownFileType = sourcecode.c.h; path = RegisterViewController.h; sourceTree = "<group>"; };
		84829F7E1B4274B7001D807F /* RegisterViewController.m */ = {isa = PBXFileReference; fileEncoding = 4; lastKnownFileType = sourcecode.c.objc; path = RegisterViewController.m; sourceTree = "<group>"; };
		84829F801B427887001D807F /* TimerButton.h */ = {isa = PBXFileReference; fileEncoding = 4; lastKnownFileType = sourcecode.c.h; path = TimerButton.h; sourceTree = "<group>"; };
		84829F811B427887001D807F /* TimerButton.m */ = {isa = PBXFileReference; fileEncoding = 4; lastKnownFileType = sourcecode.c.objc; path = TimerButton.m; sourceTree = "<group>"; };
		84829F8A1B4281E8001D807F /* LFCGzipUtillity.h */ = {isa = PBXFileReference; fileEncoding = 4; lastKnownFileType = sourcecode.c.h; path = LFCGzipUtillity.h; sourceTree = "<group>"; };
		84829F8B1B4281E8001D807F /* LFCGzipUtillity.m */ = {isa = PBXFileReference; fileEncoding = 4; lastKnownFileType = sourcecode.c.objc; path = LFCGzipUtillity.m; sourceTree = "<group>"; };
		84829F8D1B428259001D807F /* SecurityUtil.h */ = {isa = PBXFileReference; fileEncoding = 4; lastKnownFileType = sourcecode.c.h; path = SecurityUtil.h; sourceTree = "<group>"; };
		84829F8E1B428259001D807F /* SecurityUtil.m */ = {isa = PBXFileReference; fileEncoding = 4; lastKnownFileType = sourcecode.c.objc; path = SecurityUtil.m; sourceTree = "<group>"; };
		84829F911B428376001D807F /* Des.c */ = {isa = PBXFileReference; fileEncoding = 4; lastKnownFileType = sourcecode.c.c; path = Des.c; sourceTree = "<group>"; };
		84829F921B428376001D807F /* des.h */ = {isa = PBXFileReference; fileEncoding = 4; lastKnownFileType = sourcecode.c.h; path = des.h; sourceTree = "<group>"; };
		84829F931B428376001D807F /* NSData+HMAC.h */ = {isa = PBXFileReference; fileEncoding = 4; lastKnownFileType = sourcecode.c.h; path = "NSData+HMAC.h"; sourceTree = "<group>"; };
		84829F941B428376001D807F /* NSData+HMAC.m */ = {isa = PBXFileReference; fileEncoding = 4; lastKnownFileType = sourcecode.c.objc; path = "NSData+HMAC.m"; sourceTree = "<group>"; };
		84829F981B42839A001D807F /* bignum.c */ = {isa = PBXFileReference; fileEncoding = 4; lastKnownFileType = sourcecode.c.c; path = bignum.c; sourceTree = "<group>"; };
		84829F991B42839A001D807F /* main.c */ = {isa = PBXFileReference; fileEncoding = 4; lastKnownFileType = sourcecode.c.c; path = main.c; sourceTree = "<group>"; };
		84829F9A1B42839A001D807F /* md.c */ = {isa = PBXFileReference; fileEncoding = 4; lastKnownFileType = sourcecode.c.c; path = md.c; sourceTree = "<group>"; };
		84829F9B1B42839A001D807F /* md2.c */ = {isa = PBXFileReference; fileEncoding = 4; lastKnownFileType = sourcecode.c.c; path = md2.c; sourceTree = "<group>"; };
		84829F9C1B42839A001D807F /* md4.c */ = {isa = PBXFileReference; fileEncoding = 4; lastKnownFileType = sourcecode.c.c; path = md4.c; sourceTree = "<group>"; };
		84829F9D1B42839A001D807F /* md5.c */ = {isa = PBXFileReference; fileEncoding = 4; lastKnownFileType = sourcecode.c.c; path = md5.c; sourceTree = "<group>"; };
		84829F9E1B42839A001D807F /* md_wrap.c */ = {isa = PBXFileReference; fileEncoding = 4; lastKnownFileType = sourcecode.c.c; path = md_wrap.c; sourceTree = "<group>"; };
		84829F9F1B42839A001D807F /* my_rsa.c */ = {isa = PBXFileReference; fileEncoding = 4; lastKnownFileType = sourcecode.c.c; path = my_rsa.c; sourceTree = "<group>"; };
		84829FA11B42839A001D807F /* bignum.h */ = {isa = PBXFileReference; fileEncoding = 4; lastKnownFileType = sourcecode.c.h; path = bignum.h; sourceTree = "<group>"; };
		84829FA21B42839A001D807F /* bn_mul.h */ = {isa = PBXFileReference; fileEncoding = 4; lastKnownFileType = sourcecode.c.h; path = bn_mul.h; sourceTree = "<group>"; };
		84829FA31B42839A001D807F /* config.h */ = {isa = PBXFileReference; fileEncoding = 4; lastKnownFileType = sourcecode.c.h; path = config.h; sourceTree = "<group>"; };
		84829FA41B42839A001D807F /* md.h */ = {isa = PBXFileReference; fileEncoding = 4; lastKnownFileType = sourcecode.c.h; path = md.h; sourceTree = "<group>"; };
		84829FA51B42839A001D807F /* md2.h */ = {isa = PBXFileReference; fileEncoding = 4; lastKnownFileType = sourcecode.c.h; path = md2.h; sourceTree = "<group>"; };
		84829FA61B42839A001D807F /* md4.h */ = {isa = PBXFileReference; fileEncoding = 4; lastKnownFileType = sourcecode.c.h; path = md4.h; sourceTree = "<group>"; };
		84829FA71B42839A001D807F /* md5.h */ = {isa = PBXFileReference; fileEncoding = 4; lastKnownFileType = sourcecode.c.h; path = md5.h; sourceTree = "<group>"; };
		84829FA81B42839A001D807F /* md_wrap.h */ = {isa = PBXFileReference; fileEncoding = 4; lastKnownFileType = sourcecode.c.h; path = md_wrap.h; sourceTree = "<group>"; };
		84829FA91B42839A001D807F /* my_rsa.h */ = {isa = PBXFileReference; fileEncoding = 4; lastKnownFileType = sourcecode.c.h; path = my_rsa.h; sourceTree = "<group>"; };
		84829FAA1B42839A001D807F /* rsa.h */ = {isa = PBXFileReference; fileEncoding = 4; lastKnownFileType = sourcecode.c.h; path = rsa.h; sourceTree = "<group>"; };
		84829FAB1B42839A001D807F /* sha1.h */ = {isa = PBXFileReference; fileEncoding = 4; lastKnownFileType = sourcecode.c.h; path = sha1.h; sourceTree = "<group>"; };
		84829FAC1B42839A001D807F /* sha2.h */ = {isa = PBXFileReference; fileEncoding = 4; lastKnownFileType = sourcecode.c.h; path = sha2.h; sourceTree = "<group>"; };
		84829FAD1B42839A001D807F /* sha4.h */ = {isa = PBXFileReference; fileEncoding = 4; lastKnownFileType = sourcecode.c.h; path = sha4.h; sourceTree = "<group>"; };
		84829FAE1B42839A001D807F /* rsa.c */ = {isa = PBXFileReference; fileEncoding = 4; lastKnownFileType = sourcecode.c.c; path = rsa.c; sourceTree = "<group>"; };
		84829FAF1B42839A001D807F /* sha1.c */ = {isa = PBXFileReference; fileEncoding = 4; lastKnownFileType = sourcecode.c.c; path = sha1.c; sourceTree = "<group>"; };
		84829FB01B42839A001D807F /* sha2.c */ = {isa = PBXFileReference; fileEncoding = 4; lastKnownFileType = sourcecode.c.c; path = sha2.c; sourceTree = "<group>"; };
		84829FB11B42839A001D807F /* sha4.c */ = {isa = PBXFileReference; fileEncoding = 4; lastKnownFileType = sourcecode.c.c; path = sha4.c; sourceTree = "<group>"; };
		84829FBE1B428508001D807F /* libz.1.2.5.dylib */ = {isa = PBXFileReference; lastKnownFileType = "compiled.mach-o.dylib"; name = libz.1.2.5.dylib; path = usr/lib/libz.1.2.5.dylib; sourceTree = SDKROOT; };
		8495ED221B414F7D004A0C41 /* SCGIFImageView.h */ = {isa = PBXFileReference; fileEncoding = 4; lastKnownFileType = sourcecode.c.h; path = SCGIFImageView.h; sourceTree = "<group>"; };
		8495ED231B414F7D004A0C41 /* SCGIFImageView.m */ = {isa = PBXFileReference; fileEncoding = 4; lastKnownFileType = sourcecode.c.objc; path = SCGIFImageView.m; sourceTree = "<group>"; };
		8495ED241B414F7D004A0C41 /* AutoyolProgressView.h */ = {isa = PBXFileReference; fileEncoding = 4; lastKnownFileType = sourcecode.c.h; path = AutoyolProgressView.h; sourceTree = "<group>"; };
		8495ED251B414F7D004A0C41 /* AutoyolProgressView.m */ = {isa = PBXFileReference; fileEncoding = 4; lastKnownFileType = sourcecode.c.objc; path = AutoyolProgressView.m; sourceTree = "<group>"; };
		8495ED2B1B4165E6004A0C41 /* RTLabel.h */ = {isa = PBXFileReference; fileEncoding = 4; lastKnownFileType = sourcecode.c.h; path = RTLabel.h; sourceTree = "<group>"; };
		8495ED2C1B4165E6004A0C41 /* RTLabel.m */ = {isa = PBXFileReference; fileEncoding = 4; lastKnownFileType = sourcecode.c.objc; path = RTLabel.m; sourceTree = "<group>"; };
		84B9AD041B44DAA3006CF63F /* CollocationReq.h */ = {isa = PBXFileReference; fileEncoding = 4; lastKnownFileType = sourcecode.c.h; path = CollocationReq.h; sourceTree = "<group>"; };
		84B9AD051B44DAA3006CF63F /* CollocationReq.m */ = {isa = PBXFileReference; fileEncoding = 4; lastKnownFileType = sourcecode.c.objc; path = CollocationReq.m; sourceTree = "<group>"; };
		84B9AD071B44DC21006CF63F /* CollectionRespon.h */ = {isa = PBXFileReference; fileEncoding = 4; lastKnownFileType = sourcecode.c.h; path = CollectionRespon.h; sourceTree = "<group>"; };
		84B9AD081B44DC21006CF63F /* CollectionRespon.m */ = {isa = PBXFileReference; fileEncoding = 4; lastKnownFileType = sourcecode.c.objc; path = CollectionRespon.m; sourceTree = "<group>"; };
		84B9AD0A1B44E1E7006CF63F /* HomePageInfoDTO.h */ = {isa = PBXFileReference; fileEncoding = 4; lastKnownFileType = sourcecode.c.h; path = HomePageInfoDTO.h; sourceTree = "<group>"; };
		84B9AD0B1B44E1E7006CF63F /* HomePageInfoDTO.m */ = {isa = PBXFileReference; fileEncoding = 4; lastKnownFileType = sourcecode.c.objc; path = HomePageInfoDTO.m; sourceTree = "<group>"; };
		84B9AD101B4534D5006CF63F /* UIButton+JuPlusUIButton.h */ = {isa = PBXFileReference; fileEncoding = 4; lastKnownFileType = sourcecode.c.h; path = "UIButton+JuPlusUIButton.h"; sourceTree = "<group>"; };
		84B9AD111B4534D5006CF63F /* UIButton+JuPlusUIButton.m */ = {isa = PBXFileReference; fileEncoding = 4; lastKnownFileType = sourcecode.c.objc; path = "UIButton+JuPlusUIButton.m"; sourceTree = "<group>"; };
		84B9AD151B453E61006CF63F /* checkmark.gif */ = {isa = PBXFileReference; lastKnownFileType = image.gif; path = checkmark.gif; sourceTree = "<group>"; };
		84B9AD161B453E61006CF63F /* logo_01.png */ = {isa = PBXFileReference; lastKnownFileType = image.png; path = logo_01.png; sourceTree = "<group>"; };
		84B9AD171B453E61006CF63F /* logo_02.png */ = {isa = PBXFileReference; lastKnownFileType = image.png; path = logo_02.png; sourceTree = "<group>"; };
		84CC24D51B43B14100BE342E /* JuPlus-prefix.pch */ = {isa = PBXFileReference; lastKnownFileType = sourcecode.c.h; path = "JuPlus-prefix.pch"; sourceTree = "<group>"; };
		84CC24D61B43BE6300BE342E /* JuPlusUILabel.h */ = {isa = PBXFileReference; fileEncoding = 4; lastKnownFileType = sourcecode.c.h; path = JuPlusUILabel.h; sourceTree = "<group>"; };
		84CC24D71B43BE6300BE342E /* JuPlusUILabel.m */ = {isa = PBXFileReference; fileEncoding = 4; lastKnownFileType = sourcecode.c.objc; path = JuPlusUILabel.m; sourceTree = "<group>"; };
		84CC24DC1B43C04F00BE342E /* UIImageView+JuPlusUIImageView.h */ = {isa = PBXFileReference; fileEncoding = 4; lastKnownFileType = sourcecode.c.h; path = "UIImageView+JuPlusUIImageView.h"; sourceTree = "<group>"; };
		84CC24DD1B43C04F00BE342E /* UIImageView+JuPlusUIImageView.m */ = {isa = PBXFileReference; fileEncoding = 4; lastKnownFileType = sourcecode.c.objc; path = "UIImageView+JuPlusUIImageView.m"; sourceTree = "<group>"; };
		84CC24E11B43CA0100BE342E /* AFNetWorkClient.h */ = {isa = PBXFileReference; fileEncoding = 4; lastKnownFileType = sourcecode.c.h; path = AFNetWorkClient.h; sourceTree = "<group>"; };
		84CC24E21B43CA0100BE342E /* AFNetWorkClient.m */ = {isa = PBXFileReference; fileEncoding = 4; lastKnownFileType = sourcecode.c.objc; path = AFNetWorkClient.m; sourceTree = "<group>"; };
		84CC24E41B43CA0100BE342E /* NetException.h */ = {isa = PBXFileReference; fileEncoding = 4; lastKnownFileType = sourcecode.c.h; path = NetException.h; sourceTree = "<group>"; };
		84CC24E51B43CA0100BE342E /* NetException.m */ = {isa = PBXFileReference; fileEncoding = 4; lastKnownFileType = sourcecode.c.objc; path = NetException.m; sourceTree = "<group>"; };
		84CC24E61B43CA0100BE342E /* PackException.h */ = {isa = PBXFileReference; fileEncoding = 4; lastKnownFileType = sourcecode.c.h; path = PackException.h; sourceTree = "<group>"; };
		84CC24E71B43CA0100BE342E /* PackException.m */ = {isa = PBXFileReference; fileEncoding = 4; lastKnownFileType = sourcecode.c.objc; path = PackException.m; sourceTree = "<group>"; };
		84CC24E81B43CA0100BE342E /* ServerException.h */ = {isa = PBXFileReference; fileEncoding = 4; lastKnownFileType = sourcecode.c.h; path = ServerException.h; sourceTree = "<group>"; };
		84CC24E91B43CA0100BE342E /* ServerException.m */ = {isa = PBXFileReference; fileEncoding = 4; lastKnownFileType = sourcecode.c.objc; path = ServerException.m; sourceTree = "<group>"; };
		84CC24EA1B43CA0100BE342E /* TimeoutException.h */ = {isa = PBXFileReference; fileEncoding = 4; lastKnownFileType = sourcecode.c.h; path = TimeoutException.h; sourceTree = "<group>"; };
		84CC24EB1B43CA0100BE342E /* TimeoutException.m */ = {isa = PBXFileReference; fileEncoding = 4; lastKnownFileType = sourcecode.c.objc; path = TimeoutException.m; sourceTree = "<group>"; };
		84CC24EC1B43CA0100BE342E /* UnPackException.h */ = {isa = PBXFileReference; fileEncoding = 4; lastKnownFileType = sourcecode.c.h; path = UnPackException.h; sourceTree = "<group>"; };
		84CC24ED1B43CA0100BE342E /* UnPackException.m */ = {isa = PBXFileReference; fileEncoding = 4; lastKnownFileType = sourcecode.c.objc; path = UnPackException.m; sourceTree = "<group>"; };
		84CC24EE1B43CA0100BE342E /* HttpCommunication.h */ = {isa = PBXFileReference; fileEncoding = 4; lastKnownFileType = sourcecode.c.h; path = HttpCommunication.h; sourceTree = "<group>"; };
		84CC24EF1B43CA0100BE342E /* HttpCommunication.m */ = {isa = PBXFileReference; fileEncoding = 4; lastKnownFileType = sourcecode.c.objc; path = HttpCommunication.m; sourceTree = "<group>"; };
		84CC24F11B43CA0100BE342E /* ClassifyLabelsRequest.h */ = {isa = PBXFileReference; fileEncoding = 4; lastKnownFileType = sourcecode.c.h; path = ClassifyLabelsRequest.h; sourceTree = "<group>"; };
		84CC24F21B43CA0100BE342E /* ClassifyLabelsRequest.m */ = {isa = PBXFileReference; fileEncoding = 4; lastKnownFileType = sourcecode.c.objc; path = ClassifyLabelsRequest.m; sourceTree = "<group>"; };
		84CC24F31B43CA0100BE342E /* JuPlusRequest.h */ = {isa = PBXFileReference; fileEncoding = 4; lastKnownFileType = sourcecode.c.h; path = JuPlusRequest.h; sourceTree = "<group>"; };
		84CC24F41B43CA0100BE342E /* JuPlusRequest.m */ = {isa = PBXFileReference; fileEncoding = 4; lastKnownFileType = sourcecode.c.objc; path = JuPlusRequest.m; sourceTree = "<group>"; };
		84CC24F51B43CA0100BE342E /* VerificationReq.h */ = {isa = PBXFileReference; fileEncoding = 4; lastKnownFileType = sourcecode.c.h; path = VerificationReq.h; sourceTree = "<group>"; };
		84CC24F61B43CA0100BE342E /* VerificationReq.m */ = {isa = PBXFileReference; fileEncoding = 4; lastKnownFileType = sourcecode.c.objc; path = VerificationReq.m; sourceTree = "<group>"; };
		84CC24F71B43CA0100BE342E /* SingleDetailReq.h */ = {isa = PBXFileReference; fileEncoding = 4; lastKnownFileType = sourcecode.c.h; path = SingleDetailReq.h; sourceTree = "<group>"; };
		84CC24F81B43CA0100BE342E /* SingleDetailReq.m */ = {isa = PBXFileReference; fileEncoding = 4; lastKnownFileType = sourcecode.c.objc; path = SingleDetailReq.m; sourceTree = "<group>"; };
		84CC24FA1B43CA0100BE342E /* ClassifyRespon.h */ = {isa = PBXFileReference; fileEncoding = 4; lastKnownFileType = sourcecode.c.h; path = ClassifyRespon.h; sourceTree = "<group>"; };
		84CC24FB1B43CA0100BE342E /* ClassifyRespon.m */ = {isa = PBXFileReference; fileEncoding = 4; lastKnownFileType = sourcecode.c.objc; path = ClassifyRespon.m; sourceTree = "<group>"; };
		84CC24FC1B43CA0100BE342E /* JuPlusResponse.h */ = {isa = PBXFileReference; fileEncoding = 4; lastKnownFileType = sourcecode.c.h; path = JuPlusResponse.h; sourceTree = "<group>"; };
		84CC24FD1B43CA0100BE342E /* JuPlusResponse.m */ = {isa = PBXFileReference; fileEncoding = 4; lastKnownFileType = sourcecode.c.objc; path = JuPlusResponse.m; sourceTree = "<group>"; };
		84CC24FE1B43CA0100BE342E /* RegisterRespon.h */ = {isa = PBXFileReference; fileEncoding = 4; lastKnownFileType = sourcecode.c.h; path = RegisterRespon.h; sourceTree = "<group>"; };
		84CC24FF1B43CA0100BE342E /* RegisterRespon.m */ = {isa = PBXFileReference; fileEncoding = 4; lastKnownFileType = sourcecode.c.objc; path = RegisterRespon.m; sourceTree = "<group>"; };
		84CC25001B43CA0100BE342E /* SingleDetailRespon.h */ = {isa = PBXFileReference; fileEncoding = 4; lastKnownFileType = sourcecode.c.h; path = SingleDetailRespon.h; sourceTree = "<group>"; };
		84CC25011B43CA0100BE342E /* SingleDetailRespon.m */ = {isa = PBXFileReference; fileEncoding = 4; lastKnownFileType = sourcecode.c.objc; path = SingleDetailRespon.m; sourceTree = "<group>"; };
		84CC25111B43CC6400BE342E /* RegisterRequest.h */ = {isa = PBXFileReference; fileEncoding = 4; lastKnownFileType = sourcecode.c.h; path = RegisterRequest.h; sourceTree = "<group>"; };
		84CC25121B43CC6400BE342E /* RegisterRequest.m */ = {isa = PBXFileReference; fileEncoding = 4; lastKnownFileType = sourcecode.c.objc; path = RegisterRequest.m; sourceTree = "<group>"; };
		84CC25171B43EBA400BE342E /* KeyBoardTopBar.h */ = {isa = PBXFileReference; fileEncoding = 4; lastKnownFileType = sourcecode.c.h; path = KeyBoardTopBar.h; sourceTree = "<group>"; };
		84CC25181B43EBA400BE342E /* KeyBoardTopBar.m */ = {isa = PBXFileReference; fileEncoding = 4; lastKnownFileType = sourcecode.c.objc; path = KeyBoardTopBar.m; sourceTree = "<group>"; };
		84CE18531B4628A400B103F4 /* gd_1.jpg */ = {isa = PBXFileReference; lastKnownFileType = image.jpeg; path = gd_1.jpg; sourceTree = "<group>"; };
		84CE18541B4628A400B103F4 /* gd_2.jpg */ = {isa = PBXFileReference; lastKnownFileType = image.jpeg; path = gd_2.jpg; sourceTree = "<group>"; };
		84CE18551B4628A400B103F4 /* logo@2x.png */ = {isa = PBXFileReference; lastKnownFileType = image.png; path = "logo@2x.png"; sourceTree = "<group>"; };
		84CE18591B462F5A00B103F4 /* back@2x.png */ = {isa = PBXFileReference; lastKnownFileType = image.png; path = "back@2x.png"; sourceTree = "<group>"; };
		84CE185B1B463F3E00B103F4 /* productView.h */ = {isa = PBXFileReference; fileEncoding = 4; lastKnownFileType = sourcecode.c.h; path = productView.h; sourceTree = "<group>"; };
		84CE185C1B463F3E00B103F4 /* productView.m */ = {isa = PBXFileReference; fileEncoding = 4; lastKnownFileType = sourcecode.c.objc; path = productView.m; sourceTree = "<group>"; };
		84CE185E1B46413900B103F4 /* CountView.h */ = {isa = PBXFileReference; fileEncoding = 4; lastKnownFileType = sourcecode.c.h; path = CountView.h; sourceTree = "<group>"; };
		84CE185F1B46413900B103F4 /* CountView.m */ = {isa = PBXFileReference; fileEncoding = 4; lastKnownFileType = sourcecode.c.objc; path = CountView.m; sourceTree = "<group>"; };
		84CE18611B46623A00B103F4 /* countNum@2x.png */ = {isa = PBXFileReference; lastKnownFileType = image.png; path = "countNum@2x.png"; sourceTree = "<group>"; };
		84CE18631B46732A00B103F4 /* LoginReq.h */ = {isa = PBXFileReference; fileEncoding = 4; lastKnownFileType = sourcecode.c.h; path = LoginReq.h; sourceTree = "<group>"; };
		84CE18641B46732A00B103F4 /* LoginReq.m */ = {isa = PBXFileReference; fileEncoding = 4; lastKnownFileType = sourcecode.c.objc; path = LoginReq.m; sourceTree = "<group>"; };
		84CE18661B46735000B103F4 /* LoginRespon.h */ = {isa = PBXFileReference; fileEncoding = 4; lastKnownFileType = sourcecode.c.h; path = LoginRespon.h; sourceTree = "<group>"; };
		84CE18671B46735000B103F4 /* LoginRespon.m */ = {isa = PBXFileReference; fileEncoding = 4; lastKnownFileType = sourcecode.c.objc; path = LoginRespon.m; sourceTree = "<group>"; };
		84D4D4241B3A90A000674601 /* Default-568h@2x.png */ = {isa = PBXFileReference; lastKnownFileType = image.png; path = "Default-568h@2x.png"; sourceTree = "<group>"; };
		84E80D5B1B40E20D006D9804 /* PlaceOrderViewController.h */ = {isa = PBXFileReference; fileEncoding = 4; lastKnownFileType = sourcecode.c.h; path = PlaceOrderViewController.h; sourceTree = "<group>"; };
		84E80D5C1B40E20D006D9804 /* PlaceOrderViewController.m */ = {isa = PBXFileReference; fileEncoding = 4; lastKnownFileType = sourcecode.c.objc; path = PlaceOrderViewController.m; sourceTree = "<group>"; };
		9C0017421B3D247D0018A9BF /* SingleDetialViewController.h */ = {isa = PBXFileReference; fileEncoding = 4; lastKnownFileType = sourcecode.c.h; path = SingleDetialViewController.h; sourceTree = "<group>"; };
		9C0017431B3D247D0018A9BF /* SingleDetialViewController.m */ = {isa = PBXFileReference; fileEncoding = 4; lastKnownFileType = sourcecode.c.objc; path = SingleDetialViewController.m; sourceTree = "<group>"; };
		9C0017491B3D2C840018A9BF /* LabelDTO.h */ = {isa = PBXFileReference; fileEncoding = 4; lastKnownFileType = sourcecode.c.h; path = LabelDTO.h; sourceTree = "<group>"; };
		9C00174A1B3D2C840018A9BF /* LabelDTO.m */ = {isa = PBXFileReference; fileEncoding = 4; lastKnownFileType = sourcecode.c.objc; path = LabelDTO.m; sourceTree = "<group>"; };
		9C00174C1B3D2EAC0018A9BF /* BaseDTO.h */ = {isa = PBXFileReference; fileEncoding = 4; lastKnownFileType = sourcecode.c.h; path = BaseDTO.h; sourceTree = "<group>"; };
		9C00174D1B3D2EAC0018A9BF /* BaseDTO.m */ = {isa = PBXFileReference; fileEncoding = 4; lastKnownFileType = sourcecode.c.objc; path = BaseDTO.m; sourceTree = "<group>"; };
		9C00174F1B3D32A00018A9BF /* PriceView.h */ = {isa = PBXFileReference; fileEncoding = 4; lastKnownFileType = sourcecode.c.h; path = PriceView.h; sourceTree = "<group>"; };
		9C0017501B3D32A00018A9BF /* PriceView.m */ = {isa = PBXFileReference; fileEncoding = 4; lastKnownFileType = sourcecode.c.objc; path = PriceView.m; sourceTree = "<group>"; };
		9C5863AD1B392F53008BB5AD /* PackageCell.h */ = {isa = PBXFileReference; fileEncoding = 4; lastKnownFileType = sourcecode.c.h; path = PackageCell.h; sourceTree = "<group>"; };
		9C5863AE1B392F53008BB5AD /* PackageCell.m */ = {isa = PBXFileReference; fileEncoding = 4; lastKnownFileType = sourcecode.c.objc; path = PackageCell.m; sourceTree = "<group>"; };
		9C5863B01B3931EA008BB5AD /* PortraitView.h */ = {isa = PBXFileReference; fileEncoding = 4; lastKnownFileType = sourcecode.c.h; path = PortraitView.h; sourceTree = "<group>"; };
		9C5863B11B3931EA008BB5AD /* PortraitView.m */ = {isa = PBXFileReference; fileEncoding = 4; lastKnownFileType = sourcecode.c.objc; path = PortraitView.m; sourceTree = "<group>"; };
		9C5863E61B393EB9008BB5AD /* MarkedLabelView.h */ = {isa = PBXFileReference; fileEncoding = 4; lastKnownFileType = sourcecode.c.h; path = MarkedLabelView.h; sourceTree = "<group>"; };
		9C5863E71B393EB9008BB5AD /* MarkedLabelView.m */ = {isa = PBXFileReference; fileEncoding = 4; lastKnownFileType = sourcecode.c.objc; path = MarkedLabelView.m; sourceTree = "<group>"; };
		9C7C3F4D1B2958F100D8F29B /* JuPlus.app */ = {isa = PBXFileReference; explicitFileType = wrapper.application; includeInIndex = 0; path = JuPlus.app; sourceTree = BUILT_PRODUCTS_DIR; };
		9C7C3F511B2958F100D8F29B /* Info.plist */ = {isa = PBXFileReference; lastKnownFileType = text.plist.xml; path = Info.plist; sourceTree = "<group>"; };
		9C7C3F521B2958F100D8F29B /* main.m */ = {isa = PBXFileReference; lastKnownFileType = sourcecode.c.objc; path = main.m; sourceTree = "<group>"; };
		9C7C3F5D1B2958F100D8F29B /* Images.xcassets */ = {isa = PBXFileReference; lastKnownFileType = folder.assetcatalog; path = Images.xcassets; sourceTree = "<group>"; };
		9C7C3F661B2958F100D8F29B /* JuPlusTests.xctest */ = {isa = PBXFileReference; explicitFileType = wrapper.cfbundle; includeInIndex = 0; path = JuPlusTests.xctest; sourceTree = BUILT_PRODUCTS_DIR; };
		9C7C3F6B1B2958F100D8F29B /* Info.plist */ = {isa = PBXFileReference; lastKnownFileType = text.plist.xml; path = Info.plist; sourceTree = "<group>"; };
		9C7C3F6C1B2958F100D8F29B /* JuPlusTests.m */ = {isa = PBXFileReference; lastKnownFileType = sourcecode.c.objc; path = JuPlusTests.m; sourceTree = "<group>"; };
		9C7C3F781B29596300D8F29B /* JuPlusConstant.h */ = {isa = PBXFileReference; fileEncoding = 4; lastKnownFileType = sourcecode.c.h; path = JuPlusConstant.h; sourceTree = "<group>"; };
		9C7C3F791B29596300D8F29B /* JuPlusEnvironmentConfig.h */ = {isa = PBXFileReference; fileEncoding = 4; lastKnownFileType = sourcecode.c.h; path = JuPlusEnvironmentConfig.h; sourceTree = "<group>"; };
		9C7C3F7C1B29596300D8F29B /* NSString+JuPlisString.m */ = {isa = PBXFileReference; fileEncoding = 4; lastKnownFileType = sourcecode.c.objc; path = "NSString+JuPlisString.m"; sourceTree = "<group>"; };
		9C7C3F7D1B29596300D8F29B /* NSString+JuPlusString.h */ = {isa = PBXFileReference; fileEncoding = 4; lastKnownFileType = sourcecode.c.h; path = "NSString+JuPlusString.h"; sourceTree = "<group>"; };
		9C7C3F7E1B29596300D8F29B /* UIColor+JuPlusColor.h */ = {isa = PBXFileReference; fileEncoding = 4; lastKnownFileType = sourcecode.c.h; path = "UIColor+JuPlusColor.h"; sourceTree = "<group>"; };
		9C7C3F7F1B29596300D8F29B /* UIColor+JuPlusColor.m */ = {isa = PBXFileReference; fileEncoding = 4; lastKnownFileType = sourcecode.c.objc; path = "UIColor+JuPlusColor.m"; sourceTree = "<group>"; };
		9C7C3F801B29596300D8F29B /* UIImage+JuPlusUIImage.h */ = {isa = PBXFileReference; fileEncoding = 4; lastKnownFileType = sourcecode.c.h; path = "UIImage+JuPlusUIImage.h"; sourceTree = "<group>"; };
		9C7C3F811B29596300D8F29B /* UIImage+JuPlusUIImage.m */ = {isa = PBXFileReference; fileEncoding = 4; lastKnownFileType = sourcecode.c.objc; path = "UIImage+JuPlusUIImage.m"; sourceTree = "<group>"; };
		9C7C3F821B29596300D8F29B /* UIView+JuPlusUIView.h */ = {isa = PBXFileReference; fileEncoding = 4; lastKnownFileType = sourcecode.c.h; path = "UIView+JuPlusUIView.h"; sourceTree = "<group>"; };
		9C7C3F831B29596300D8F29B /* UIView+JuPlusUIView.m */ = {isa = PBXFileReference; fileEncoding = 4; lastKnownFileType = sourcecode.c.objc; path = "UIView+JuPlusUIView.m"; sourceTree = "<group>"; };
		9C7C3F871B29596300D8F29B /* JuPlusAppDelegate.h */ = {isa = PBXFileReference; fileEncoding = 4; lastKnownFileType = sourcecode.c.h; path = JuPlusAppDelegate.h; sourceTree = "<group>"; };
		9C7C3F881B29596300D8F29B /* JuPlusAppDelegate.m */ = {isa = PBXFileReference; fileEncoding = 4; lastKnownFileType = sourcecode.c.objc; path = JuPlusAppDelegate.m; sourceTree = "<group>"; };
		9C7C3F901B295BD800D8F29B /* JuPlusReleaseConfig.h */ = {isa = PBXFileReference; lastKnownFileType = sourcecode.c.h; path = JuPlusReleaseConfig.h; sourceTree = "<group>"; };
		9C7C3F911B295CF000D8F29B /* JuPlusGlobalNSUserDefault.h */ = {isa = PBXFileReference; lastKnownFileType = sourcecode.c.h; path = JuPlusGlobalNSUserDefault.h; sourceTree = "<group>"; };
		9C7C3F931B295F7100D8F29B /* CommonUtil.h */ = {isa = PBXFileReference; fileEncoding = 4; lastKnownFileType = sourcecode.c.h; path = CommonUtil.h; sourceTree = "<group>"; };
		9C7C3F941B295F7100D8F29B /* CommonUtil.m */ = {isa = PBXFileReference; fileEncoding = 4; lastKnownFileType = sourcecode.c.objc; path = CommonUtil.m; sourceTree = "<group>"; };
		9C7C3F961B2961F000D8F29B /* GuideViewController.h */ = {isa = PBXFileReference; fileEncoding = 4; lastKnownFileType = sourcecode.c.h; path = GuideViewController.h; sourceTree = "<group>"; };
		9C7C3F971B2961F000D8F29B /* GuideViewController.m */ = {isa = PBXFileReference; fileEncoding = 4; lastKnownFileType = sourcecode.c.objc; path = GuideViewController.m; sourceTree = "<group>"; };
		9C7C3F9C1B29646700D8F29B /* BaseViewController.h */ = {isa = PBXFileReference; fileEncoding = 4; lastKnownFileType = sourcecode.c.h; name = BaseViewController.h; path = ../HomePage/BaseViewController.h; sourceTree = "<group>"; };
		9C7C3F9D1B29646700D8F29B /* BaseViewController.m */ = {isa = PBXFileReference; fileEncoding = 4; lastKnownFileType = sourcecode.c.objc; name = BaseViewController.m; path = ../HomePage/BaseViewController.m; sourceTree = "<group>"; };
		9C7C3F9F1B2966F200D8F29B /* JuPlusTabBarController.h */ = {isa = PBXFileReference; fileEncoding = 4; lastKnownFileType = sourcecode.c.h; name = JuPlusTabBarController.h; path = ../HomePage/JuPlusTabBarController.h; sourceTree = "<group>"; };
		9C7C3FA01B2966F200D8F29B /* JuPlusTabBarController.m */ = {isa = PBXFileReference; fileEncoding = 4; lastKnownFileType = sourcecode.c.objc; name = JuPlusTabBarController.m; path = ../HomePage/JuPlusTabBarController.m; sourceTree = "<group>"; };
		9C7C3FA21B296BFC00D8F29B /* DiscoveryViewController.h */ = {isa = PBXFileReference; fileEncoding = 4; lastKnownFileType = sourcecode.c.h; path = DiscoveryViewController.h; sourceTree = "<group>"; };
		9C7C3FA31B296BFC00D8F29B /* DiscoveryViewController.m */ = {isa = PBXFileReference; fileEncoding = 4; lastKnownFileType = sourcecode.c.objc; path = DiscoveryViewController.m; sourceTree = "<group>"; };
		9C7C3FA51B296C5C00D8F29B /* CollocationViewController.h */ = {isa = PBXFileReference; fileEncoding = 4; lastKnownFileType = sourcecode.c.h; path = CollocationViewController.h; sourceTree = "<group>"; };
		9C7C3FA61B296C5C00D8F29B /* CollocationViewController.m */ = {isa = PBXFileReference; fileEncoding = 4; lastKnownFileType = sourcecode.c.objc; path = CollocationViewController.m; sourceTree = "<group>"; };
		9C7C3FA81B296CAD00D8F29B /* ClassificationViewController.h */ = {isa = PBXFileReference; fileEncoding = 4; lastKnownFileType = sourcecode.c.h; path = ClassificationViewController.h; sourceTree = "<group>"; };
		9C7C3FA91B296CAD00D8F29B /* ClassificationViewController.m */ = {isa = PBXFileReference; fileEncoding = 4; lastKnownFileType = sourcecode.c.objc; path = ClassificationViewController.m; sourceTree = "<group>"; };
		9C7C3FAB1B296CF400D8F29B /* MyAccountViewController.h */ = {isa = PBXFileReference; fileEncoding = 4; lastKnownFileType = sourcecode.c.h; path = MyAccountViewController.h; sourceTree = "<group>"; };
		9C7C3FAC1B296CF400D8F29B /* MyAccountViewController.m */ = {isa = PBXFileReference; fileEncoding = 4; lastKnownFileType = sourcecode.c.objc; path = MyAccountViewController.m; sourceTree = "<group>"; };
		9C7C3FAF1B296DFB00D8F29B /* JuPlusNavigationController.h */ = {isa = PBXFileReference; fileEncoding = 4; lastKnownFileType = sourcecode.c.h; path = JuPlusNavigationController.h; sourceTree = "<group>"; };
		9C7C3FB01B296DFB00D8F29B /* JuPlusNavigationController.m */ = {isa = PBXFileReference; fileEncoding = 4; lastKnownFileType = sourcecode.c.objc; path = JuPlusNavigationController.m; sourceTree = "<group>"; };
		9CA2762F1B340525005D53BC /* HomeFurnishingViewController.h */ = {isa = PBXFileReference; fileEncoding = 4; lastKnownFileType = sourcecode.c.h; path = HomeFurnishingViewController.h; sourceTree = "<group>"; };
		9CA276301B340525005D53BC /* HomeFurnishingViewController.m */ = {isa = PBXFileReference; fileEncoding = 4; lastKnownFileType = sourcecode.c.objc; path = HomeFurnishingViewController.m; sourceTree = "<group>"; };
		9CABB3D31B329786006AD405 /* ClassifyView.h */ = {isa = PBXFileReference; fileEncoding = 4; lastKnownFileType = sourcecode.c.h; path = ClassifyView.h; sourceTree = "<group>"; };
		9CABB3D41B329786006AD405 /* ClassifyView.m */ = {isa = PBXFileReference; fileEncoding = 4; lastKnownFileType = sourcecode.c.objc; path = ClassifyView.m; sourceTree = "<group>"; };
		9CABB3D61B329AE5006AD405 /* JuPlusCustomMethod.h */ = {isa = PBXFileReference; lastKnownFileType = sourcecode.c.h; path = JuPlusCustomMethod.h; sourceTree = "<group>"; };
		9CABB3D71B329BD2006AD405 /* JuPlusUIView.h */ = {isa = PBXFileReference; fileEncoding = 4; lastKnownFileType = sourcecode.c.h; path = JuPlusUIView.h; sourceTree = "<group>"; };
		9CABB3D81B329BD2006AD405 /* JuPlusUIView.m */ = {isa = PBXFileReference; fileEncoding = 4; lastKnownFileType = sourcecode.c.objc; path = JuPlusUIView.m; sourceTree = "<group>"; };
		9CABB3DC1B32A97A006AD405 /* HobbyItemBtn.h */ = {isa = PBXFileReference; fileEncoding = 4; lastKnownFileType = sourcecode.c.h; path = HobbyItemBtn.h; sourceTree = "<group>"; };
		9CABB3DD1B32A97A006AD405 /* HobbyItemBtn.m */ = {isa = PBXFileReference; fileEncoding = 4; lastKnownFileType = sourcecode.c.objc; path = HobbyItemBtn.m; sourceTree = "<group>"; };
		D7C5DA73B5B9477AD5A090BD /* Pods.release.xcconfig */ = {isa = PBXFileReference; includeInIndex = 1; lastKnownFileType = text.xcconfig; name = Pods.release.xcconfig; path = "Pods/Target Support Files/Pods/Pods.release.xcconfig"; sourceTree = "<group>"; };
		E62F0845A09F94CB285CAC40 /* Pods.debug.xcconfig */ = {isa = PBXFileReference; includeInIndex = 1; lastKnownFileType = text.xcconfig; name = Pods.debug.xcconfig; path = "Pods/Target Support Files/Pods/Pods.debug.xcconfig"; sourceTree = "<group>"; };
/* End PBXFileReference section */

/* Begin PBXFrameworksBuildPhase section */
		9C7C3F4A1B2958F100D8F29B /* Frameworks */ = {
			isa = PBXFrameworksBuildPhase;
			buildActionMask = 2147483647;
			files = (
				84829FBF1B428508001D807F /* libz.1.2.5.dylib in Frameworks */,
				87B140312DACAD6FB0419571 /* libPods.a in Frameworks */,
			);
			runOnlyForDeploymentPostprocessing = 0;
		};
		9C7C3F631B2958F100D8F29B /* Frameworks */ = {
			isa = PBXFrameworksBuildPhase;
			buildActionMask = 2147483647;
			files = (
			);
			runOnlyForDeploymentPostprocessing = 0;
		};
/* End PBXFrameworksBuildPhase section */

/* Begin PBXGroup section */
		6FB8F60F36C0EB648810EA39 /* Pods */ = {
			isa = PBXGroup;
			children = (
				E62F0845A09F94CB285CAC40 /* Pods.debug.xcconfig */,
				D7C5DA73B5B9477AD5A090BD /* Pods.release.xcconfig */,
			);
			name = Pods;
			sourceTree = "<group>";
		};
		84829F891B4281DC001D807F /* Gzip */ = {
			isa = PBXGroup;
			children = (
				84829F8A1B4281E8001D807F /* LFCGzipUtillity.h */,
				84829F8B1B4281E8001D807F /* LFCGzipUtillity.m */,
				84829F8D1B428259001D807F /* SecurityUtil.h */,
				84829F8E1B428259001D807F /* SecurityUtil.m */,
			);
			path = Gzip;
			sourceTree = "<group>";
		};
		84829F901B428353001D807F /* Security */ = {
			isa = PBXGroup;
			children = (
				84829F911B428376001D807F /* Des.c */,
				84829F921B428376001D807F /* des.h */,
				84829F931B428376001D807F /* NSData+HMAC.h */,
				84829F941B428376001D807F /* NSData+HMAC.m */,
			);
			path = Security;
			sourceTree = "<group>";
		};
		84829F971B42839A001D807F /* RSA */ = {
			isa = PBXGroup;
			children = (
				84829F981B42839A001D807F /* bignum.c */,
				84829F991B42839A001D807F /* main.c */,
				84829F9A1B42839A001D807F /* md.c */,
				84829F9B1B42839A001D807F /* md2.c */,
				84829F9C1B42839A001D807F /* md4.c */,
				84829F9D1B42839A001D807F /* md5.c */,
				84829F9E1B42839A001D807F /* md_wrap.c */,
				84829F9F1B42839A001D807F /* my_rsa.c */,
				84829FA01B42839A001D807F /* polarssl */,
				84829FAE1B42839A001D807F /* rsa.c */,
				84829FAF1B42839A001D807F /* sha1.c */,
				84829FB01B42839A001D807F /* sha2.c */,
				84829FB11B42839A001D807F /* sha4.c */,
			);
			path = RSA;
			sourceTree = "<group>";
		};
		84829FA01B42839A001D807F /* polarssl */ = {
			isa = PBXGroup;
			children = (
				84829FA11B42839A001D807F /* bignum.h */,
				84829FA21B42839A001D807F /* bn_mul.h */,
				84829FA31B42839A001D807F /* config.h */,
				84829FA41B42839A001D807F /* md.h */,
				84829FA51B42839A001D807F /* md2.h */,
				84829FA61B42839A001D807F /* md4.h */,
				84829FA71B42839A001D807F /* md5.h */,
				84829FA81B42839A001D807F /* md_wrap.h */,
				84829FA91B42839A001D807F /* my_rsa.h */,
				84829FAA1B42839A001D807F /* rsa.h */,
				84829FAB1B42839A001D807F /* sha1.h */,
				84829FAC1B42839A001D807F /* sha2.h */,
				84829FAD1B42839A001D807F /* sha4.h */,
			);
			path = polarssl;
			sourceTree = "<group>";
		};
		8495ED211B414F62004A0C41 /* ProgressView */ = {
			isa = PBXGroup;
			children = (
				8495ED221B414F7D004A0C41 /* SCGIFImageView.h */,
				8495ED231B414F7D004A0C41 /* SCGIFImageView.m */,
				8495ED241B414F7D004A0C41 /* AutoyolProgressView.h */,
				8495ED251B414F7D004A0C41 /* AutoyolProgressView.m */,
			);
			name = ProgressView;
			sourceTree = "<group>";
		};
		84B9AD131B453E56006CF63F /* Images */ = {
			isa = PBXGroup;
			children = (
				84B9AD141B453E56006CF63F /* Version1 */,
			);
			path = Images;
			sourceTree = "<group>";
		};
		84B9AD141B453E56006CF63F /* Version1 */ = {
			isa = PBXGroup;
			children = (
				84CE18611B46623A00B103F4 /* countNum@2x.png */,
				84CE18591B462F5A00B103F4 /* back@2x.png */,
				84CE18531B4628A400B103F4 /* gd_1.jpg */,
				84CE18541B4628A400B103F4 /* gd_2.jpg */,
				84CE18551B4628A400B103F4 /* logo@2x.png */,
				84B9AD151B453E61006CF63F /* checkmark.gif */,
				84B9AD161B453E61006CF63F /* logo_01.png */,
				84B9AD171B453E61006CF63F /* logo_02.png */,
			);
			path = Version1;
			sourceTree = "<group>";
		};
		84CC24DF1B43C8B400BE342E /* RequestAndRespon */ = {
			isa = PBXGroup;
			children = (
				84CC24E01B43CA0100BE342E /* HttpCommications */,
				84CC24F01B43CA0100BE342E /* RequestFolder */,
				84CC24F91B43CA0100BE342E /* ResponseFolder */,
			);
			path = RequestAndRespon;
			sourceTree = "<group>";
		};
		84CC24E01B43CA0100BE342E /* HttpCommications */ = {
			isa = PBXGroup;
			children = (
				84CC24E11B43CA0100BE342E /* AFNetWorkClient.h */,
				84CC24E21B43CA0100BE342E /* AFNetWorkClient.m */,
				84CC24E31B43CA0100BE342E /* Exceptions */,
				84CC24EE1B43CA0100BE342E /* HttpCommunication.h */,
				84CC24EF1B43CA0100BE342E /* HttpCommunication.m */,
			);
			path = HttpCommications;
			sourceTree = "<group>";
		};
		84CC24E31B43CA0100BE342E /* Exceptions */ = {
			isa = PBXGroup;
			children = (
				84CC24E41B43CA0100BE342E /* NetException.h */,
				84CC24E51B43CA0100BE342E /* NetException.m */,
				84CC24E61B43CA0100BE342E /* PackException.h */,
				84CC24E71B43CA0100BE342E /* PackException.m */,
				84CC24E81B43CA0100BE342E /* ServerException.h */,
				84CC24E91B43CA0100BE342E /* ServerException.m */,
				84CC24EA1B43CA0100BE342E /* TimeoutException.h */,
				84CC24EB1B43CA0100BE342E /* TimeoutException.m */,
				84CC24EC1B43CA0100BE342E /* UnPackException.h */,
				84CC24ED1B43CA0100BE342E /* UnPackException.m */,
			);
			path = Exceptions;
			sourceTree = "<group>";
		};
		84CC24F01B43CA0100BE342E /* RequestFolder */ = {
			isa = PBXGroup;
			children = (
				84CC24F11B43CA0100BE342E /* ClassifyLabelsRequest.h */,
				84CC24F21B43CA0100BE342E /* ClassifyLabelsRequest.m */,
				84CC24F31B43CA0100BE342E /* JuPlusRequest.h */,
				84CC24F41B43CA0100BE342E /* JuPlusRequest.m */,
				84CC24F51B43CA0100BE342E /* VerificationReq.h */,
				84CC24F61B43CA0100BE342E /* VerificationReq.m */,
				84CC24F71B43CA0100BE342E /* SingleDetailReq.h */,
				84CC24F81B43CA0100BE342E /* SingleDetailReq.m */,
				84CC25111B43CC6400BE342E /* RegisterRequest.h */,
				84CC25121B43CC6400BE342E /* RegisterRequest.m */,
				84B9AD041B44DAA3006CF63F /* CollocationReq.h */,
				84B9AD051B44DAA3006CF63F /* CollocationReq.m */,
				84CE18631B46732A00B103F4 /* LoginReq.h */,
				84CE18641B46732A00B103F4 /* LoginReq.m */,
			);
			path = RequestFolder;
			sourceTree = "<group>";
		};
		84CC24F91B43CA0100BE342E /* ResponseFolder */ = {
			isa = PBXGroup;
			children = (
				84CC24FA1B43CA0100BE342E /* ClassifyRespon.h */,
				84CC24FB1B43CA0100BE342E /* ClassifyRespon.m */,
				84CC24FC1B43CA0100BE342E /* JuPlusResponse.h */,
				84CC24FD1B43CA0100BE342E /* JuPlusResponse.m */,
				84CC24FE1B43CA0100BE342E /* RegisterRespon.h */,
				84CC24FF1B43CA0100BE342E /* RegisterRespon.m */,
				84CC25001B43CA0100BE342E /* SingleDetailRespon.h */,
				84CC25011B43CA0100BE342E /* SingleDetailRespon.m */,
				84B9AD071B44DC21006CF63F /* CollectionRespon.h */,
				84B9AD081B44DC21006CF63F /* CollectionRespon.m */,
				84CE18661B46735000B103F4 /* LoginRespon.h */,
				84CE18671B46735000B103F4 /* LoginRespon.m */,
			);
			path = ResponseFolder;
			sourceTree = "<group>";
		};
		84D4D4101B3A8D6900674601 /* HttpCommications */ = {
			isa = PBXGroup;
			children = (
			);
			path = HttpCommications;
			sourceTree = "<group>";
		};
		9C0017411B3D244A0018A9BF /* Detail */ = {
			isa = PBXGroup;
			children = (
				9C0017421B3D247D0018A9BF /* SingleDetialViewController.h */,
				9C0017431B3D247D0018A9BF /* SingleDetialViewController.m */,
				84E80D5B1B40E20D006D9804 /* PlaceOrderViewController.h */,
				84E80D5C1B40E20D006D9804 /* PlaceOrderViewController.m */,
			);
			path = Detail;
			sourceTree = "<group>";
		};
		9C0017451B3D2B480018A9BF /* JuPlusDTO */ = {
			isa = PBXGroup;
			children = (
				84B9AD0A1B44E1E7006CF63F /* HomePageInfoDTO.h */,
				84B9AD0B1B44E1E7006CF63F /* HomePageInfoDTO.m */,
				9C0017491B3D2C840018A9BF /* LabelDTO.h */,
				9C00174A1B3D2C840018A9BF /* LabelDTO.m */,
				9C00174C1B3D2EAC0018A9BF /* BaseDTO.h */,
				9C00174D1B3D2EAC0018A9BF /* BaseDTO.m */,
				84829F711B4259BB001D807F /* ClassifyTagsDTO.h */,
				84829F721B4259BB001D807F /* ClassifyTagsDTO.m */,
				84829F741B426D74001D807F /* SingleDetailDTO.h */,
				84829F751B426D74001D807F /* SingleDetailDTO.m */,
			);
			path = JuPlusDTO;
			sourceTree = "<group>";
		};
		9C5863AC1B392F19008BB5AD /* CustomCells */ = {
			isa = PBXGroup;
			children = (
				9C5863AD1B392F53008BB5AD /* PackageCell.h */,
				9C5863AE1B392F53008BB5AD /* PackageCell.m */,
			);
			name = CustomCells;
			path = customCells;
			sourceTree = "<group>";
		};
		9C5863B31B3933A9008BB5AD /* ThirdFrameWorks */ = {
			isa = PBXGroup;
			children = (
				84829F971B42839A001D807F /* RSA */,
				84829F901B428353001D807F /* Security */,
				84829F891B4281DC001D807F /* Gzip */,
				84D4D4101B3A8D6900674601 /* HttpCommications */,
			);
			path = ThirdFrameWorks;
			sourceTree = "<group>";
		};
		9C7C3F441B2958F100D8F29B = {
			isa = PBXGroup;
			children = (
				84D4D4241B3A90A000674601 /* Default-568h@2x.png */,
				9C7C3F4F1B2958F100D8F29B /* JuPlus */,
				9C7C3F691B2958F100D8F29B /* JuPlusTests */,
				9C7C3F4E1B2958F100D8F29B /* Products */,
				6FB8F60F36C0EB648810EA39 /* Pods */,
				E73E3BE362588C83AF8352D9 /* Frameworks */,
			);
			sourceTree = "<group>";
		};
		9C7C3F4E1B2958F100D8F29B /* Products */ = {
			isa = PBXGroup;
			children = (
				9C7C3F4D1B2958F100D8F29B /* JuPlus.app */,
				9C7C3F661B2958F100D8F29B /* JuPlusTests.xctest */,
			);
			name = Products;
			sourceTree = "<group>";
		};
		9C7C3F4F1B2958F100D8F29B /* JuPlus */ = {
			isa = PBXGroup;
			children = (
				84B9AD131B453E56006CF63F /* Images */,
				84CC24DF1B43C8B400BE342E /* RequestAndRespon */,
				9C7C3F871B29596300D8F29B /* JuPlusAppDelegate.h */,
				9C7C3F881B29596300D8F29B /* JuPlusAppDelegate.m */,
				9C5863B31B3933A9008BB5AD /* ThirdFrameWorks */,
				9C7C3F761B29596300D8F29B /* BasicFrame */,
				9C7C3F891B29596300D8F29B /* ViewControllers */,
				9C7C3F5D1B2958F100D8F29B /* Images.xcassets */,
				9C7C3F501B2958F100D8F29B /* Supporting Files */,
			);
			path = JuPlus;
			sourceTree = "<group>";
		};
		9C7C3F501B2958F100D8F29B /* Supporting Files */ = {
			isa = PBXGroup;
			children = (
				9C7C3F511B2958F100D8F29B /* Info.plist */,
				9C7C3F521B2958F100D8F29B /* main.m */,
				84CC24D51B43B14100BE342E /* JuPlus-prefix.pch */,
			);
			name = "Supporting Files";
			sourceTree = "<group>";
		};
		9C7C3F691B2958F100D8F29B /* JuPlusTests */ = {
			isa = PBXGroup;
			children = (
				9C7C3F6C1B2958F100D8F29B /* JuPlusTests.m */,
				9C7C3F6A1B2958F100D8F29B /* Supporting Files */,
			);
			path = JuPlusTests;
			sourceTree = "<group>";
		};
		9C7C3F6A1B2958F100D8F29B /* Supporting Files */ = {
			isa = PBXGroup;
			children = (
				9C7C3F6B1B2958F100D8F29B /* Info.plist */,
			);
			name = "Supporting Files";
			sourceTree = "<group>";
		};
		9C7C3F761B29596300D8F29B /* BasicFrame */ = {
			isa = PBXGroup;
			children = (
				8495ED211B414F62004A0C41 /* ProgressView */,
				9C7C3F921B295F2800D8F29B /* CommonUtility */,
				9C7C3F771B29596300D8F29B /* Constants */,
				9C7C3F7A1B29596300D8F29B /* GlobalData */,
				9C7C3F7B1B29596300D8F29B /* UICustomView */,
			);
			path = BasicFrame;
			sourceTree = "<group>";
		};
		9C7C3F771B29596300D8F29B /* Constants */ = {
			isa = PBXGroup;
			children = (
				9C7C3F781B29596300D8F29B /* JuPlusConstant.h */,
				9C7C3F791B29596300D8F29B /* JuPlusEnvironmentConfig.h */,
				9C7C3F901B295BD800D8F29B /* JuPlusReleaseConfig.h */,
				9C7C3F911B295CF000D8F29B /* JuPlusGlobalNSUserDefault.h */,
			);
			path = Constants;
			sourceTree = "<group>";
		};
		9C7C3F7A1B29596300D8F29B /* GlobalData */ = {
			isa = PBXGroup;
			children = (
			);
			path = GlobalData;
			sourceTree = "<group>";
		};
		9C7C3F7B1B29596300D8F29B /* UICustomView */ = {
			isa = PBXGroup;
			children = (
				9C7C3F7C1B29596300D8F29B /* NSString+JuPlisString.m */,
				9C7C3F7D1B29596300D8F29B /* NSString+JuPlusString.h */,
				9C7C3F7E1B29596300D8F29B /* UIColor+JuPlusColor.h */,
				9C7C3F7F1B29596300D8F29B /* UIColor+JuPlusColor.m */,
				9C7C3F801B29596300D8F29B /* UIImage+JuPlusUIImage.h */,
				9C7C3F811B29596300D8F29B /* UIImage+JuPlusUIImage.m */,
				9C7C3F821B29596300D8F29B /* UIView+JuPlusUIView.h */,
				9C7C3F831B29596300D8F29B /* UIView+JuPlusUIView.m */,
				9CABB3D61B329AE5006AD405 /* JuPlusCustomMethod.h */,
				9CABB3D71B329BD2006AD405 /* JuPlusUIView.h */,
				9CABB3D81B329BD2006AD405 /* JuPlusUIView.m */,
				84829F801B427887001D807F /* TimerButton.h */,
				84829F811B427887001D807F /* TimerButton.m */,
				84CC24D61B43BE6300BE342E /* JuPlusUILabel.h */,
				84CC24D71B43BE6300BE342E /* JuPlusUILabel.m */,
				84CC24DC1B43C04F00BE342E /* UIImageView+JuPlusUIImageView.h */,
				84CC24DD1B43C04F00BE342E /* UIImageView+JuPlusUIImageView.m */,
				84B9AD101B4534D5006CF63F /* UIButton+JuPlusUIButton.h */,
				84B9AD111B4534D5006CF63F /* UIButton+JuPlusUIButton.m */,
			);
			path = UICustomView;
			sourceTree = "<group>";
		};
		9C7C3F891B29596300D8F29B /* ViewControllers */ = {
			isa = PBXGroup;
			children = (
				9C0017411B3D244A0018A9BF /* Detail */,
				9CABB3D21B32974F006AD405 /* views */,
				9C7C3FAE1B296DCC00D8F29B /* BaseControl */,
				9C7C3F8A1B29596300D8F29B /* HomePage */,
			);
			path = ViewControllers;
			sourceTree = "<group>";
		};
		9C7C3F8A1B29596300D8F29B /* HomePage */ = {
			isa = PBXGroup;
			children = (
				9C0017451B3D2B480018A9BF /* JuPlusDTO */,
				9C5863AC1B392F19008BB5AD /* CustomCells */,
				9C7C3F961B2961F000D8F29B /* GuideViewController.h */,
				9C7C3F971B2961F000D8F29B /* GuideViewController.m */,
				9C7C3FA21B296BFC00D8F29B /* DiscoveryViewController.h */,
				9C7C3FA31B296BFC00D8F29B /* DiscoveryViewController.m */,
				9C7C3FA51B296C5C00D8F29B /* CollocationViewController.h */,
				9C7C3FA61B296C5C00D8F29B /* CollocationViewController.m */,
				9C7C3FA81B296CAD00D8F29B /* ClassificationViewController.h */,
				9C7C3FA91B296CAD00D8F29B /* ClassificationViewController.m */,
				9C7C3FAB1B296CF400D8F29B /* MyAccountViewController.h */,
				9C7C3FAC1B296CF400D8F29B /* MyAccountViewController.m */,
				9CA2762F1B340525005D53BC /* HomeFurnishingViewController.h */,
				9CA276301B340525005D53BC /* HomeFurnishingViewController.m */,
				847C5EFD1B395B0D00706638 /* LoginViewController.h */,
				847C5EFE1B395B0D00706638 /* LoginViewController.m */,
				84829F7D1B4274B7001D807F /* RegisterViewController.h */,
				84829F7E1B4274B7001D807F /* RegisterViewController.m */,
			);
			path = HomePage;
			sourceTree = "<group>";
		};
		9C7C3F921B295F2800D8F29B /* CommonUtility */ = {
			isa = PBXGroup;
			children = (
				9C7C3F931B295F7100D8F29B /* CommonUtil.h */,
				9C7C3F941B295F7100D8F29B /* CommonUtil.m */,
			);
			path = CommonUtility;
			sourceTree = "<group>";
		};
		9C7C3FAE1B296DCC00D8F29B /* BaseControl */ = {
			isa = PBXGroup;
			children = (
				9C7C3F9C1B29646700D8F29B /* BaseViewController.h */,
				9C7C3F9D1B29646700D8F29B /* BaseViewController.m */,
				9C7C3F9F1B2966F200D8F29B /* JuPlusTabBarController.h */,
				9C7C3FA01B2966F200D8F29B /* JuPlusTabBarController.m */,
				9C7C3FAF1B296DFB00D8F29B /* JuPlusNavigationController.h */,
				9C7C3FB01B296DFB00D8F29B /* JuPlusNavigationController.m */,
			);
			path = BaseControl;
			sourceTree = "<group>";
		};
		9CABB3D21B32974F006AD405 /* views */ = {
			isa = PBXGroup;
			children = (
				84CC25171B43EBA400BE342E /* KeyBoardTopBar.h */,
				84CC25181B43EBA400BE342E /* KeyBoardTopBar.m */,
				8495ED2B1B4165E6004A0C41 /* RTLabel.h */,
				8495ED2C1B4165E6004A0C41 /* RTLabel.m */,
				9CABB3D31B329786006AD405 /* ClassifyView.h */,
				9CABB3D41B329786006AD405 /* ClassifyView.m */,
				9CABB3DC1B32A97A006AD405 /* HobbyItemBtn.h */,
				9CABB3DD1B32A97A006AD405 /* HobbyItemBtn.m */,
				9C5863B01B3931EA008BB5AD /* PortraitView.h */,
				9C5863B11B3931EA008BB5AD /* PortraitView.m */,
				9C5863E61B393EB9008BB5AD /* MarkedLabelView.h */,
				9C5863E71B393EB9008BB5AD /* MarkedLabelView.m */,
				847C5F001B395CE600706638 /* JuPlusTextField.h */,
				847C5F011B395CE600706638 /* JuPlusTextField.m */,
				9C00174F1B3D32A00018A9BF /* PriceView.h */,
				9C0017501B3D32A00018A9BF /* PriceView.m */,
				84CE185B1B463F3E00B103F4 /* productView.h */,
				84CE185C1B463F3E00B103F4 /* productView.m */,
				84CE185E1B46413900B103F4 /* CountView.h */,
				84CE185F1B46413900B103F4 /* CountView.m */,
			);
			path = views;
			sourceTree = "<group>";
		};
		E73E3BE362588C83AF8352D9 /* Frameworks */ = {
			isa = PBXGroup;
			children = (
				84829FBE1B428508001D807F /* libz.1.2.5.dylib */,
				5BAD414BFA828A27F0636609 /* libPods.a */,
			);
			name = Frameworks;
			sourceTree = "<group>";
		};
/* End PBXGroup section */

/* Begin PBXNativeTarget section */
		9C7C3F4C1B2958F100D8F29B /* JuPlus */ = {
			isa = PBXNativeTarget;
			buildConfigurationList = 9C7C3F701B2958F100D8F29B /* Build configuration list for PBXNativeTarget "JuPlus" */;
			buildPhases = (
				B89FA128F442F3B36D014F07 /* Check Pods Manifest.lock */,
				9C7C3F491B2958F100D8F29B /* Sources */,
				9C7C3F4A1B2958F100D8F29B /* Frameworks */,
				9C7C3F4B1B2958F100D8F29B /* Resources */,
				1D8DD454FBA8DCB2BB77787C /* Copy Pods Resources */,
			);
			buildRules = (
			);
			dependencies = (
			);
			name = JuPlus;
			productName = JuPlus;
			productReference = 9C7C3F4D1B2958F100D8F29B /* JuPlus.app */;
			productType = "com.apple.product-type.application";
		};
		9C7C3F651B2958F100D8F29B /* JuPlusTests */ = {
			isa = PBXNativeTarget;
			buildConfigurationList = 9C7C3F731B2958F100D8F29B /* Build configuration list for PBXNativeTarget "JuPlusTests" */;
			buildPhases = (
				9C7C3F621B2958F100D8F29B /* Sources */,
				9C7C3F631B2958F100D8F29B /* Frameworks */,
				9C7C3F641B2958F100D8F29B /* Resources */,
			);
			buildRules = (
			);
			dependencies = (
				9C7C3F681B2958F100D8F29B /* PBXTargetDependency */,
			);
			name = JuPlusTests;
			productName = JuPlusTests;
			productReference = 9C7C3F661B2958F100D8F29B /* JuPlusTests.xctest */;
			productType = "com.apple.product-type.bundle.unit-test";
		};
/* End PBXNativeTarget section */

/* Begin PBXProject section */
		9C7C3F451B2958F100D8F29B /* Project object */ = {
			isa = PBXProject;
			attributes = {
				LastUpgradeCheck = 0620;
				ORGANIZATIONNAME = "居+";
				TargetAttributes = {
					9C7C3F4C1B2958F100D8F29B = {
						CreatedOnToolsVersion = 6.2;
						DevelopmentTeam = Q792YXFN33;
					};
					9C7C3F651B2958F100D8F29B = {
						CreatedOnToolsVersion = 6.2;
						TestTargetID = 9C7C3F4C1B2958F100D8F29B;
					};
				};
			};
			buildConfigurationList = 9C7C3F481B2958F100D8F29B /* Build configuration list for PBXProject "JuPlus" */;
			compatibilityVersion = "Xcode 3.2";
			developmentRegion = English;
			hasScannedForEncodings = 0;
			knownRegions = (
				en,
				Base,
			);
			mainGroup = 9C7C3F441B2958F100D8F29B;
			productRefGroup = 9C7C3F4E1B2958F100D8F29B /* Products */;
			projectDirPath = "";
			projectRoot = "";
			targets = (
				9C7C3F4C1B2958F100D8F29B /* JuPlus */,
				9C7C3F651B2958F100D8F29B /* JuPlusTests */,
			);
		};
/* End PBXProject section */

/* Begin PBXResourcesBuildPhase section */
		9C7C3F4B1B2958F100D8F29B /* Resources */ = {
			isa = PBXResourcesBuildPhase;
			buildActionMask = 2147483647;
			files = (
				84D4D4251B3A90A000674601 /* Default-568h@2x.png in Resources */,
				84CE18621B46623A00B103F4 /* countNum@2x.png in Resources */,
				9C7C3F5E1B2958F100D8F29B /* Images.xcassets in Resources */,
				84CE185A1B462F5A00B103F4 /* back@2x.png in Resources */,
				84B9AD181B453E61006CF63F /* checkmark.gif in Resources */,
				84B9AD191B453E61006CF63F /* logo_01.png in Resources */,
				84CE18581B4628A400B103F4 /* logo@2x.png in Resources */,
				84CE18571B4628A400B103F4 /* gd_2.jpg in Resources */,
				84CE18561B4628A400B103F4 /* gd_1.jpg in Resources */,
				84B9AD1A1B453E61006CF63F /* logo_02.png in Resources */,
			);
			runOnlyForDeploymentPostprocessing = 0;
		};
		9C7C3F641B2958F100D8F29B /* Resources */ = {
			isa = PBXResourcesBuildPhase;
			buildActionMask = 2147483647;
			files = (
			);
			runOnlyForDeploymentPostprocessing = 0;
		};
/* End PBXResourcesBuildPhase section */

/* Begin PBXShellScriptBuildPhase section */
		1D8DD454FBA8DCB2BB77787C /* Copy Pods Resources */ = {
			isa = PBXShellScriptBuildPhase;
			buildActionMask = 2147483647;
			files = (
			);
			inputPaths = (
			);
			name = "Copy Pods Resources";
			outputPaths = (
			);
			runOnlyForDeploymentPostprocessing = 0;
			shellPath = /bin/sh;
			shellScript = "\"${SRCROOT}/Pods/Target Support Files/Pods/Pods-resources.sh\"\n";
			showEnvVarsInLog = 0;
		};
		B89FA128F442F3B36D014F07 /* Check Pods Manifest.lock */ = {
			isa = PBXShellScriptBuildPhase;
			buildActionMask = 2147483647;
			files = (
			);
			inputPaths = (
			);
			name = "Check Pods Manifest.lock";
			outputPaths = (
			);
			runOnlyForDeploymentPostprocessing = 0;
			shellPath = /bin/sh;
			shellScript = "diff \"${PODS_ROOT}/../Podfile.lock\" \"${PODS_ROOT}/Manifest.lock\" > /dev/null\nif [[ $? != 0 ]] ; then\n    cat << EOM\nerror: The sandbox is not in sync with the Podfile.lock. Run 'pod install' or update your CocoaPods installation.\nEOM\n    exit 1\nfi\n";
			showEnvVarsInLog = 0;
		};
/* End PBXShellScriptBuildPhase section */

/* Begin PBXSourcesBuildPhase section */
		9C7C3F491B2958F100D8F29B /* Sources */ = {
			isa = PBXSourcesBuildPhase;
			buildActionMask = 2147483647;
			files = (
				84829FB41B42839A001D807F /* md.c in Sources */,
				9C5863AF1B392F53008BB5AD /* PackageCell.m in Sources */,
				84829F8F1B428259001D807F /* SecurityUtil.m in Sources */,
				9C5863E81B393EB9008BB5AD /* MarkedLabelView.m in Sources */,
				84829F951B428376001D807F /* Des.c in Sources */,
				84829F961B428376001D807F /* NSData+HMAC.m in Sources */,
				84CC25041B43CA0100BE342E /* PackException.m in Sources */,
				847C5F021B395CE600706638 /* JuPlusTextField.m in Sources */,
				84B9AD121B4534D5006CF63F /* UIButton+JuPlusUIButton.m in Sources */,
				84829FB21B42839A001D807F /* bignum.c in Sources */,
				84CC250C1B43CA0100BE342E /* SingleDetailReq.m in Sources */,
				84CC25101B43CA0100BE342E /* SingleDetailRespon.m in Sources */,
				84B9AD0C1B44E1E7006CF63F /* HomePageInfoDTO.m in Sources */,
				84CC250F1B43CA0100BE342E /* RegisterRespon.m in Sources */,
				9C7C3FAA1B296CAD00D8F29B /* ClassificationViewController.m in Sources */,
				9C7C3F8F1B29596300D8F29B /* JuPlusAppDelegate.m in Sources */,
				9C7C3F9E1B29646700D8F29B /* BaseViewController.m in Sources */,
				84CC250E1B43CA0100BE342E /* JuPlusResponse.m in Sources */,
				9C7C3FA11B2966F200D8F29B /* JuPlusTabBarController.m in Sources */,
				84CC24DE1B43C04F00BE342E /* UIImageView+JuPlusUIImageView.m in Sources */,
				84CC25051B43CA0100BE342E /* ServerException.m in Sources */,
				9CABB3D51B329786006AD405 /* ClassifyView.m in Sources */,
				9CABB3D91B329BD2006AD405 /* JuPlusUIView.m in Sources */,
				9C0017511B3D32A00018A9BF /* PriceView.m in Sources */,
				84CC25131B43CC6400BE342E /* RegisterRequest.m in Sources */,
				84829FB61B42839A001D807F /* md4.c in Sources */,
				84CC25091B43CA0100BE342E /* ClassifyLabelsRequest.m in Sources */,
				84CE18601B46413900B103F4 /* CountView.m in Sources */,
				84829FB81B42839A001D807F /* md_wrap.c in Sources */,
				84CC250A1B43CA0100BE342E /* JuPlusRequest.m in Sources */,
				9C7C3FA41B296BFC00D8F29B /* DiscoveryViewController.m in Sources */,
				9C7C3F8E1B29596300D8F29B /* UIView+JuPlusUIView.m in Sources */,
				84CE18651B46732A00B103F4 /* LoginReq.m in Sources */,
				84829FBB1B42839A001D807F /* sha1.c in Sources */,
				84829FBC1B42839A001D807F /* sha2.c in Sources */,
				84CC25191B43EBA400BE342E /* KeyBoardTopBar.m in Sources */,
				84829FB91B42839A001D807F /* my_rsa.c in Sources */,
				9C7C3F8B1B29596300D8F29B /* NSString+JuPlisString.m in Sources */,
				84CE185D1B463F3E00B103F4 /* productView.m in Sources */,
				84829F8C1B4281E8001D807F /* LFCGzipUtillity.m in Sources */,
				84829FB31B42839A001D807F /* main.c in Sources */,
				84B9AD091B44DC21006CF63F /* CollectionRespon.m in Sources */,
				9C0017441B3D247D0018A9BF /* SingleDetialViewController.m in Sources */,
				9C7C3F8D1B29596300D8F29B /* UIImage+JuPlusUIImage.m in Sources */,
				84829F7F1B4274B7001D807F /* RegisterViewController.m in Sources */,
				9CA276311B340525005D53BC /* HomeFurnishingViewController.m in Sources */,
				84829FBA1B42839A001D807F /* rsa.c in Sources */,
				9C7C3F8C1B29596300D8F29B /* UIColor+JuPlusColor.m in Sources */,
				9C7C3F951B295F7100D8F29B /* CommonUtil.m in Sources */,
				9C5863B21B3931EA008BB5AD /* PortraitView.m in Sources */,
				9C7C3FA71B296C5C00D8F29B /* CollocationViewController.m in Sources */,
				84B9AD061B44DAA3006CF63F /* CollocationReq.m in Sources */,
				84CC25081B43CA0100BE342E /* HttpCommunication.m in Sources */,
				847C5EFF1B395B0D00706638 /* LoginViewController.m in Sources */,
				84829F761B426D74001D807F /* SingleDetailDTO.m in Sources */,
				84CC25071B43CA0100BE342E /* UnPackException.m in Sources */,
				84CC24D81B43BE6300BE342E /* JuPlusUILabel.m in Sources */,
				84829F821B427887001D807F /* TimerButton.m in Sources */,
				9C7C3F531B2958F100D8F29B /* main.m in Sources */,
				84829FBD1B42839A001D807F /* sha4.c in Sources */,
				9CABB3DE1B32A97A006AD405 /* HobbyItemBtn.m in Sources */,
				84E80D5D1B40E20D006D9804 /* PlaceOrderViewController.m in Sources */,
				9C00174B1B3D2C840018A9BF /* LabelDTO.m in Sources */,
				84829FB51B42839A001D807F /* md2.c in Sources */,
				8495ED271B414F7D004A0C41 /* AutoyolProgressView.m in Sources */,
				9C7C3F981B2961F000D8F29B /* GuideViewController.m in Sources */,
				84CC250D1B43CA0100BE342E /* ClassifyRespon.m in Sources */,
				9C7C3FB11B296DFB00D8F29B /* JuPlusNavigationController.m in Sources */,
				84CC25061B43CA0100BE342E /* TimeoutException.m in Sources */,
				8495ED2D1B4165E6004A0C41 /* RTLabel.m in Sources */,
				84829FB71B42839A001D807F /* md5.c in Sources */,
				84CC250B1B43CA0100BE342E /* VerificationReq.m in Sources */,
				84829F731B4259BB001D807F /* ClassifyTagsDTO.m in Sources */,
				8495ED261B414F7D004A0C41 /* SCGIFImageView.m in Sources */,
				9C00174E1B3D2EAC0018A9BF /* BaseDTO.m in Sources */,
				84CE18681B46735000B103F4 /* LoginRespon.m in Sources */,
				84CC25031B43CA0100BE342E /* NetException.m in Sources */,
				9C7C3FAD1B296CF400D8F29B /* MyAccountViewController.m in Sources */,
				84CC25021B43CA0100BE342E /* AFNetWorkClient.m in Sources */,
			);
			runOnlyForDeploymentPostprocessing = 0;
		};
		9C7C3F621B2958F100D8F29B /* Sources */ = {
			isa = PBXSourcesBuildPhase;
			buildActionMask = 2147483647;
			files = (
				9C7C3F6D1B2958F100D8F29B /* JuPlusTests.m in Sources */,
			);
			runOnlyForDeploymentPostprocessing = 0;
		};
/* End PBXSourcesBuildPhase section */

/* Begin PBXTargetDependency section */
		9C7C3F681B2958F100D8F29B /* PBXTargetDependency */ = {
			isa = PBXTargetDependency;
			target = 9C7C3F4C1B2958F100D8F29B /* JuPlus */;
			targetProxy = 9C7C3F671B2958F100D8F29B /* PBXContainerItemProxy */;
		};
/* End PBXTargetDependency section */

/* Begin XCBuildConfiguration section */
		9C7C3F6E1B2958F100D8F29B /* Debug */ = {
			isa = XCBuildConfiguration;
			buildSettings = {
				ALWAYS_SEARCH_USER_PATHS = NO;
				CLANG_CXX_LANGUAGE_STANDARD = "gnu++0x";
				CLANG_CXX_LIBRARY = "libc++";
				CLANG_ENABLE_MODULES = YES;
				CLANG_ENABLE_OBJC_ARC = YES;
				CLANG_WARN_BOOL_CONVERSION = YES;
				CLANG_WARN_CONSTANT_CONVERSION = YES;
				CLANG_WARN_DIRECT_OBJC_ISA_USAGE = YES_ERROR;
				CLANG_WARN_EMPTY_BODY = YES;
				CLANG_WARN_ENUM_CONVERSION = YES;
				CLANG_WARN_INT_CONVERSION = YES;
				CLANG_WARN_OBJC_ROOT_CLASS = YES_ERROR;
				CLANG_WARN_UNREACHABLE_CODE = YES;
				CLANG_WARN__DUPLICATE_METHOD_MATCH = YES;
				"CODE_SIGN_IDENTITY[sdk=iphoneos*]" = "iPhone Developer";
				COPY_PHASE_STRIP = NO;
				ENABLE_STRICT_OBJC_MSGSEND = YES;
				GCC_C_LANGUAGE_STANDARD = gnu99;
				GCC_DYNAMIC_NO_PIC = NO;
				GCC_INCREASE_PRECOMPILED_HEADER_SHARING = YES;
				GCC_OPTIMIZATION_LEVEL = 0;
				GCC_PRECOMPILE_PREFIX_HEADER = YES;
				GCC_PREFIX_HEADER = "$(SRCROOT)/JuPlus/JuPlus-Prefix.pch";
				GCC_PREPROCESSOR_DEFINITIONS = (
					"DEBUG=1",
					"$(inherited)",
				);
				GCC_SYMBOLS_PRIVATE_EXTERN = NO;
				GCC_WARN_64_TO_32_BIT_CONVERSION = YES;
				GCC_WARN_ABOUT_RETURN_TYPE = YES_ERROR;
				GCC_WARN_UNDECLARED_SELECTOR = YES;
				GCC_WARN_UNINITIALIZED_AUTOS = YES_AGGRESSIVE;
				GCC_WARN_UNUSED_FUNCTION = YES;
				GCC_WARN_UNUSED_VARIABLE = YES;
				IPHONEOS_DEPLOYMENT_TARGET = 8.0;
				MTL_ENABLE_DEBUG_INFO = YES;
				ONLY_ACTIVE_ARCH = YES;
				SDKROOT = iphoneos;
			};
			name = Debug;
		};
		9C7C3F6F1B2958F100D8F29B /* Release */ = {
			isa = XCBuildConfiguration;
			buildSettings = {
				ALWAYS_SEARCH_USER_PATHS = NO;
				CLANG_CXX_LANGUAGE_STANDARD = "gnu++0x";
				CLANG_CXX_LIBRARY = "libc++";
				CLANG_ENABLE_MODULES = YES;
				CLANG_ENABLE_OBJC_ARC = YES;
				CLANG_WARN_BOOL_CONVERSION = YES;
				CLANG_WARN_CONSTANT_CONVERSION = YES;
				CLANG_WARN_DIRECT_OBJC_ISA_USAGE = YES_ERROR;
				CLANG_WARN_EMPTY_BODY = YES;
				CLANG_WARN_ENUM_CONVERSION = YES;
				CLANG_WARN_INT_CONVERSION = YES;
				CLANG_WARN_OBJC_ROOT_CLASS = YES_ERROR;
				CLANG_WARN_UNREACHABLE_CODE = YES;
				CLANG_WARN__DUPLICATE_METHOD_MATCH = YES;
				"CODE_SIGN_IDENTITY[sdk=iphoneos*]" = "iPhone Developer";
				COPY_PHASE_STRIP = NO;
				ENABLE_NS_ASSERTIONS = NO;
				ENABLE_STRICT_OBJC_MSGSEND = YES;
				GCC_C_LANGUAGE_STANDARD = gnu99;
				GCC_INCREASE_PRECOMPILED_HEADER_SHARING = YES;
				GCC_PRECOMPILE_PREFIX_HEADER = YES;
				GCC_PREFIX_HEADER = "$(SRCROOT)/JuPlus/JuPlus-Prefix.pch";
				GCC_WARN_64_TO_32_BIT_CONVERSION = YES;
				GCC_WARN_ABOUT_RETURN_TYPE = YES_ERROR;
				GCC_WARN_UNDECLARED_SELECTOR = YES;
				GCC_WARN_UNINITIALIZED_AUTOS = YES_AGGRESSIVE;
				GCC_WARN_UNUSED_FUNCTION = YES;
				GCC_WARN_UNUSED_VARIABLE = YES;
				IPHONEOS_DEPLOYMENT_TARGET = 8.0;
				MTL_ENABLE_DEBUG_INFO = NO;
				SDKROOT = iphoneos;
				VALIDATE_PRODUCT = YES;
			};
			name = Release;
		};
		9C7C3F711B2958F100D8F29B /* Debug */ = {
			isa = XCBuildConfiguration;
			baseConfigurationReference = E62F0845A09F94CB285CAC40 /* Pods.debug.xcconfig */;
			buildSettings = {
				ASSETCATALOG_COMPILER_APPICON_NAME = AppIcon;
				CODE_SIGN_IDENTITY = "iPhone Developer";
				"CODE_SIGN_IDENTITY[sdk=iphoneos*]" = "iPhone Developer: Lan Li (GRR5K64FXW)";
				GCC_PREFIX_HEADER = "$(SRCROOT)/JuPlus/JuPlus-Prefix.pch";
				INFOPLIST_FILE = JuPlus/Info.plist;
				IPHONEOS_DEPLOYMENT_TARGET = 8.0;
				LD_RUNPATH_SEARCH_PATHS = "$(inherited) @executable_path/Frameworks";
				OTHER_LDFLAGS = (
					"$(inherited)",
					"-ObjC",
					"-l\"Pods-AFNetworking\"",
					"-framework",
					"\"CoreGraphics\"",
					"-framework",
					"\"MobileCoreServices\"",
					"-framework",
					"\"Security\"",
					"-framework",
					"\"SystemConfiguration\"",
				);
				PRODUCT_NAME = "$(TARGET_NAME)";
				WARNING_CFLAGS = "-Wno-shorten-64-to-32";
			};
			name = Debug;
		};
		9C7C3F721B2958F100D8F29B /* Release */ = {
			isa = XCBuildConfiguration;
			baseConfigurationReference = D7C5DA73B5B9477AD5A090BD /* Pods.release.xcconfig */;
			buildSettings = {
				ASSETCATALOG_COMPILER_APPICON_NAME = AppIcon;
				CODE_SIGN_IDENTITY = "iPhone Developer";
				GCC_PREFIX_HEADER = "$(SRCROOT)/JuPlus/JuPlus-Prefix.pch";
				INFOPLIST_FILE = JuPlus/Info.plist;
				IPHONEOS_DEPLOYMENT_TARGET = 8.0;
				LD_RUNPATH_SEARCH_PATHS = "$(inherited) @executable_path/Frameworks";
				OTHER_LDFLAGS = (
					"$(inherited)",
					"-ObjC",
					"-l\"Pods-AFNetworking\"",
					"-framework",
					"\"CoreGraphics\"",
					"-framework",
					"\"MobileCoreServices\"",
					"-framework",
					"\"Security\"",
					"-framework",
					"\"SystemConfiguration\"",
				);
				PRODUCT_NAME = "$(TARGET_NAME)";
				WARNING_CFLAGS = "-Wno-shorten-64-to-32";
			};
			name = Release;
		};
		9C7C3F741B2958F100D8F29B /* Debug */ = {
			isa = XCBuildConfiguration;
			buildSettings = {
				BUNDLE_LOADER = "$(TEST_HOST)";
				FRAMEWORK_SEARCH_PATHS = (
					"$(SDKROOT)/Developer/Library/Frameworks",
					"$(inherited)",
				);
				GCC_PREPROCESSOR_DEFINITIONS = (
					"DEBUG=1",
					"$(inherited)",
				);
				INFOPLIST_FILE = JuPlusTests/Info.plist;
				LD_RUNPATH_SEARCH_PATHS = "$(inherited) @executable_path/Frameworks @loader_path/Frameworks";
				PRODUCT_NAME = "$(TARGET_NAME)";
				TEST_HOST = "$(BUILT_PRODUCTS_DIR)/JuPlus.app/JuPlus";
			};
			name = Debug;
		};
		9C7C3F751B2958F100D8F29B /* Release */ = {
			isa = XCBuildConfiguration;
			buildSettings = {
				BUNDLE_LOADER = "$(TEST_HOST)";
				FRAMEWORK_SEARCH_PATHS = (
					"$(SDKROOT)/Developer/Library/Frameworks",
					"$(inherited)",
				);
				INFOPLIST_FILE = JuPlusTests/Info.plist;
				LD_RUNPATH_SEARCH_PATHS = "$(inherited) @executable_path/Frameworks @loader_path/Frameworks";
				PRODUCT_NAME = "$(TARGET_NAME)";
				TEST_HOST = "$(BUILT_PRODUCTS_DIR)/JuPlus.app/JuPlus";
			};
			name = Release;
		};
/* End XCBuildConfiguration section */

/* Begin XCConfigurationList section */
		9C7C3F481B2958F100D8F29B /* Build configuration list for PBXProject "JuPlus" */ = {
			isa = XCConfigurationList;
			buildConfigurations = (
				9C7C3F6E1B2958F100D8F29B /* Debug */,
				9C7C3F6F1B2958F100D8F29B /* Release */,
			);
			defaultConfigurationIsVisible = 0;
			defaultConfigurationName = Release;
		};
		9C7C3F701B2958F100D8F29B /* Build configuration list for PBXNativeTarget "JuPlus" */ = {
			isa = XCConfigurationList;
			buildConfigurations = (
				9C7C3F711B2958F100D8F29B /* Debug */,
				9C7C3F721B2958F100D8F29B /* Release */,
			);
			defaultConfigurationIsVisible = 0;
			defaultConfigurationName = Release;
		};
		9C7C3F731B2958F100D8F29B /* Build configuration list for PBXNativeTarget "JuPlusTests" */ = {
			isa = XCConfigurationList;
			buildConfigurations = (
				9C7C3F741B2958F100D8F29B /* Debug */,
				9C7C3F751B2958F100D8F29B /* Release */,
			);
			defaultConfigurationIsVisible = 0;
			defaultConfigurationName = Release;
		};
/* End XCConfigurationList section */
	};
	rootObject = 9C7C3F451B2958F100D8F29B /* Project object */;
}
